// !$*UTF8*$!
{
	archiveVersion = 1;
	classes = {
	};
	objectVersion = 50;
	objects = {

/* Begin PBXBuildFile section */
		65F69B23DC783356BF5E376A /* Pods_BanchExample.framework in Frameworks */ = {isa = PBXBuildFile; fileRef = 24EDE68E4DA64C3DF49838B3 /* Pods_BanchExample.framework */; };
		CE88FBDC26F3613000DE394F /* HomeViewController.swift in Sources */ = {isa = PBXBuildFile; fileRef = CE88FBDB26F3613000DE394F /* HomeViewController.swift */; };
		CE88FBDE26F382EA00DE394F /* InformationViewController.swift in Sources */ = {isa = PBXBuildFile; fileRef = CE88FBDD26F382EA00DE394F /* InformationViewController.swift */; };
		CE8E312627033C5300C61AE6 /* HomeNavigation.storyboard in Resources */ = {isa = PBXBuildFile; fileRef = CE8E312527033C5300C61AE6 /* HomeNavigation.storyboard */; };
		CE8E3128270340EA00C61AE6 /* Information.storyboard in Resources */ = {isa = PBXBuildFile; fileRef = CE8E3127270340EA00C61AE6 /* Information.storyboard */; };
		CEF265F326EF1F07008EE038 /* AppDelegate.swift in Sources */ = {isa = PBXBuildFile; fileRef = CEF265F226EF1F07008EE038 /* AppDelegate.swift */; };
		CEF265F526EF1F07008EE038 /* SceneDelegate.swift in Sources */ = {isa = PBXBuildFile; fileRef = CEF265F426EF1F07008EE038 /* SceneDelegate.swift */; };
		CEF265F726EF1F07008EE038 /* ContainerViewController.swift in Sources */ = {isa = PBXBuildFile; fileRef = CEF265F626EF1F07008EE038 /* ContainerViewController.swift */; };
		CEF265FC26EF1F09008EE038 /* Assets.xcassets in Resources */ = {isa = PBXBuildFile; fileRef = CEF265FB26EF1F09008EE038 /* Assets.xcassets */; };
		CEF265FF26EF1F09008EE038 /* LaunchScreen.storyboard in Resources */ = {isa = PBXBuildFile; fileRef = CEF265FD26EF1F09008EE038 /* LaunchScreen.storyboard */; };
		CEF2660F26EF3EFC008EE038 /* SideMenuViewController.swift in Sources */ = {isa = PBXBuildFile; fileRef = CEF2660E26EF3EFC008EE038 /* SideMenuViewController.swift */; };
		CEF2661126EF3F26008EE038 /* SideMenu.storyboard in Resources */ = {isa = PBXBuildFile; fileRef = CEF2661026EF3F26008EE038 /* SideMenu.storyboard */; };
		CEF2661526EF45A3008EE038 /* SideMenuTVCell.swift in Sources */ = {isa = PBXBuildFile; fileRef = CEF2661326EF45A3008EE038 /* SideMenuTVCell.swift */; };
		CEF2661626EF45A3008EE038 /* SideMenuTVCell.xib in Resources */ = {isa = PBXBuildFile; fileRef = CEF2661426EF45A3008EE038 /* SideMenuTVCell.xib */; };
/* End PBXBuildFile section */

/* Begin PBXFileReference section */
		24EDE68E4DA64C3DF49838B3 /* Pods_BanchExample.framework */ = {isa = PBXFileReference; explicitFileType = wrapper.framework; includeInIndex = 0; path = Pods_BanchExample.framework; sourceTree = BUILT_PRODUCTS_DIR; };
		8B7824135B32911AF64197B2 /* Pods-BanchExample.release.xcconfig */ = {isa = PBXFileReference; includeInIndex = 1; lastKnownFileType = text.xcconfig; name = "Pods-BanchExample.release.xcconfig"; path = "Target Support Files/Pods-BanchExample/Pods-BanchExample.release.xcconfig"; sourceTree = "<group>"; };
		B58B45280D7442056926E6FE /* Pods-BanchExample.debug.xcconfig */ = {isa = PBXFileReference; includeInIndex = 1; lastKnownFileType = text.xcconfig; name = "Pods-BanchExample.debug.xcconfig"; path = "Target Support Files/Pods-BanchExample/Pods-BanchExample.debug.xcconfig"; sourceTree = "<group>"; };
		CE88FBDB26F3613000DE394F /* HomeViewController.swift */ = {isa = PBXFileReference; lastKnownFileType = sourcecode.swift; path = HomeViewController.swift; sourceTree = "<group>"; };
		CE88FBDD26F382EA00DE394F /* InformationViewController.swift */ = {isa = PBXFileReference; lastKnownFileType = sourcecode.swift; path = InformationViewController.swift; sourceTree = "<group>"; };
		CE8E312527033C5300C61AE6 /* HomeNavigation.storyboard */ = {isa = PBXFileReference; lastKnownFileType = file.storyboard; path = HomeNavigation.storyboard; sourceTree = "<group>"; };
		CE8E3127270340EA00C61AE6 /* Information.storyboard */ = {isa = PBXFileReference; lastKnownFileType = file.storyboard; path = Information.storyboard; sourceTree = "<group>"; };
		CEF265EF26EF1F07008EE038 /* BanchExample.app */ = {isa = PBXFileReference; explicitFileType = wrapper.application; includeInIndex = 0; path = BanchExample.app; sourceTree = BUILT_PRODUCTS_DIR; };
		CEF265F226EF1F07008EE038 /* AppDelegate.swift */ = {isa = PBXFileReference; lastKnownFileType = sourcecode.swift; path = AppDelegate.swift; sourceTree = "<group>"; };
		CEF265F426EF1F07008EE038 /* SceneDelegate.swift */ = {isa = PBXFileReference; lastKnownFileType = sourcecode.swift; path = SceneDelegate.swift; sourceTree = "<group>"; };
		CEF265F626EF1F07008EE038 /* ContainerViewController.swift */ = {isa = PBXFileReference; lastKnownFileType = sourcecode.swift; path = ContainerViewController.swift; sourceTree = "<group>"; };
		CEF265FB26EF1F09008EE038 /* Assets.xcassets */ = {isa = PBXFileReference; lastKnownFileType = folder.assetcatalog; path = Assets.xcassets; sourceTree = "<group>"; };
		CEF265FE26EF1F09008EE038 /* Base */ = {isa = PBXFileReference; lastKnownFileType = file.storyboard; name = Base; path = Base.lproj/LaunchScreen.storyboard; sourceTree = "<group>"; };
		CEF2660026EF1F09008EE038 /* Info.plist */ = {isa = PBXFileReference; lastKnownFileType = text.plist.xml; path = Info.plist; sourceTree = "<group>"; };
		CEF2660E26EF3EFC008EE038 /* SideMenuViewController.swift */ = {isa = PBXFileReference; lastKnownFileType = sourcecode.swift; path = SideMenuViewController.swift; sourceTree = "<group>"; };
		CEF2661026EF3F26008EE038 /* SideMenu.storyboard */ = {isa = PBXFileReference; lastKnownFileType = file.storyboard; path = SideMenu.storyboard; sourceTree = "<group>"; };
		CEF2661326EF45A3008EE038 /* SideMenuTVCell.swift */ = {isa = PBXFileReference; lastKnownFileType = sourcecode.swift; path = SideMenuTVCell.swift; sourceTree = "<group>"; };
		CEF2661426EF45A3008EE038 /* SideMenuTVCell.xib */ = {isa = PBXFileReference; lastKnownFileType = file.xib; path = SideMenuTVCell.xib; sourceTree = "<group>"; };
/* End PBXFileReference section */

/* Begin PBXFrameworksBuildPhase section */
		CEF265EC26EF1F07008EE038 /* Frameworks */ = {
			isa = PBXFrameworksBuildPhase;
			buildActionMask = 2147483647;
			files = (
				65F69B23DC783356BF5E376A /* Pods_BanchExample.framework in Frameworks */,
			);
			runOnlyForDeploymentPostprocessing = 0;
		};
/* End PBXFrameworksBuildPhase section */

/* Begin PBXGroup section */
		37E7B85CA2C5F72F1C0663DE /* Frameworks */ = {
			isa = PBXGroup;
			children = (
				24EDE68E4DA64C3DF49838B3 /* Pods_BanchExample.framework */,
			);
			name = Frameworks;
			sourceTree = "<group>";
		};
		CE8E31292703433100C61AE6 /* Information */ = {
			isa = PBXGroup;
			children = (
				CE8E3127270340EA00C61AE6 /* Information.storyboard */,
				CE88FBDD26F382EA00DE394F /* InformationViewController.swift */,
			);
			path = Information;
			sourceTree = "<group>";
		};
		CE8E312A2703435600C61AE6 /* Home */ = {
			isa = PBXGroup;
			children = (
				CE88FBDB26F3613000DE394F /* HomeViewController.swift */,
				CE8E312527033C5300C61AE6 /* HomeNavigation.storyboard */,
			);
			path = Home;
			sourceTree = "<group>";
		};
		CEF265E626EF1F07008EE038 = {
			isa = PBXGroup;
			children = (
				CEF265F126EF1F07008EE038 /* BanchExample */,
				CEF265F026EF1F07008EE038 /* Products */,
				ED49841C01AFF57C2289F81F /* Pods */,
				37E7B85CA2C5F72F1C0663DE /* Frameworks */,
			);
			sourceTree = "<group>";
		};
		CEF265F026EF1F07008EE038 /* Products */ = {
			isa = PBXGroup;
			children = (
				CEF265EF26EF1F07008EE038 /* BanchExample.app */,
			);
			name = Products;
			sourceTree = "<group>";
		};
		CEF265F126EF1F07008EE038 /* BanchExample */ = {
			isa = PBXGroup;
			children = (
				CEF2660026EF1F09008EE038 /* Info.plist */,
				CEF2660826EF3C32008EE038 /* Application */,
				CEF2660926EF3C67008EE038 /* Modules */,
				CEF2660726EF3BE0008EE038 /* Resources */,
			);
			path = BanchExample;
			sourceTree = "<group>";
		};
		CEF2660726EF3BE0008EE038 /* Resources */ = {
			isa = PBXGroup;
			children = (
				CEF265FB26EF1F09008EE038 /* Assets.xcassets */,
			);
			path = Resources;
			sourceTree = "<group>";
		};
		CEF2660826EF3C32008EE038 /* Application */ = {
			isa = PBXGroup;
			children = (
				CEF265F226EF1F07008EE038 /* AppDelegate.swift */,
				CEF265F426EF1F07008EE038 /* SceneDelegate.swift */,
			);
			path = Application;
			sourceTree = "<group>";
		};
		CEF2660926EF3C67008EE038 /* Modules */ = {
			isa = PBXGroup;
			children = (
				CEF2660B26EF3D22008EE038 /* Launch */,
				CEF2660D26EF3EA6008EE038 /* MainFlow */,
			);
			path = Modules;
			sourceTree = "<group>";
		};
		CEF2660B26EF3D22008EE038 /* Launch */ = {
			isa = PBXGroup;
			children = (
				CEF265FD26EF1F09008EE038 /* LaunchScreen.storyboard */,
			);
			path = Launch;
			sourceTree = "<group>";
		};
		CEF2660C26EF3D93008EE038 /* SideMenu */ = {
			isa = PBXGroup;
			children = (
				CEF2661026EF3F26008EE038 /* SideMenu.storyboard */,
				CEF2660E26EF3EFC008EE038 /* SideMenuViewController.swift */,
				CEF2661226EF457D008EE038 /* SideMenuTVCell */,
			);
			path = SideMenu;
			sourceTree = "<group>";
		};
		CEF2660D26EF3EA6008EE038 /* MainFlow */ = {
			isa = PBXGroup;
			children = (
				CEF265F626EF1F07008EE038 /* ContainerViewController.swift */,
				CE8E312A2703435600C61AE6 /* Home */,
				CE8E31292703433100C61AE6 /* Information */,
				CEF2660C26EF3D93008EE038 /* SideMenu */,
			);
			path = MainFlow;
			sourceTree = "<group>";
		};
		CEF2661226EF457D008EE038 /* SideMenuTVCell */ = {
			isa = PBXGroup;
			children = (
				CEF2661326EF45A3008EE038 /* SideMenuTVCell.swift */,
				CEF2661426EF45A3008EE038 /* SideMenuTVCell.xib */,
			);
			path = SideMenuTVCell;
			sourceTree = "<group>";
		};
		ED49841C01AFF57C2289F81F /* Pods */ = {
			isa = PBXGroup;
			children = (
				B58B45280D7442056926E6FE /* Pods-BanchExample.debug.xcconfig */,
				8B7824135B32911AF64197B2 /* Pods-BanchExample.release.xcconfig */,
			);
			path = Pods;
			sourceTree = "<group>";
		};
/* End PBXGroup section */

/* Begin PBXNativeTarget section */
		CEF265EE26EF1F07008EE038 /* BanchExample */ = {
			isa = PBXNativeTarget;
			buildConfigurationList = CEF2660326EF1F09008EE038 /* Build configuration list for PBXNativeTarget "BanchExample" */;
			buildPhases = (
				A4F4DADBD9371B5D8ADB5432 /* [CP] Check Pods Manifest.lock */,
				CEF2660626EF240C008EE038 /* ShellScript */,
				CEF265EB26EF1F07008EE038 /* Sources */,
				CEF265EC26EF1F07008EE038 /* Frameworks */,
				CEF265ED26EF1F07008EE038 /* Resources */,
			);
			buildRules = (
			);
			dependencies = (
			);
			name = BanchExample;
			productName = BanchExample;
			productReference = CEF265EF26EF1F07008EE038 /* BanchExample.app */;
			productType = "com.apple.product-type.application";
		};
/* End PBXNativeTarget section */

/* Begin PBXProject section */
		CEF265E726EF1F07008EE038 /* Project object */ = {
			isa = PBXProject;
			attributes = {
				LastSwiftUpdateCheck = 1250;
				LastUpgradeCheck = 1250;
				TargetAttributes = {
					CEF265EE26EF1F07008EE038 = {
						CreatedOnToolsVersion = 12.5.1;
					};
				};
			};
			buildConfigurationList = CEF265EA26EF1F07008EE038 /* Build configuration list for PBXProject "BanchExample" */;
			compatibilityVersion = "Xcode 9.3";
			developmentRegion = en;
			hasScannedForEncodings = 0;
			knownRegions = (
				en,
				Base,
			);
			mainGroup = CEF265E626EF1F07008EE038;
			productRefGroup = CEF265F026EF1F07008EE038 /* Products */;
			projectDirPath = "";
			projectRoot = "";
			targets = (
				CEF265EE26EF1F07008EE038 /* BanchExample */,
			);
		};
/* End PBXProject section */

/* Begin PBXResourcesBuildPhase section */
		CEF265ED26EF1F07008EE038 /* Resources */ = {
			isa = PBXResourcesBuildPhase;
			buildActionMask = 2147483647;
			files = (
				CEF2661126EF3F26008EE038 /* SideMenu.storyboard in Resources */,
				CEF265FF26EF1F09008EE038 /* LaunchScreen.storyboard in Resources */,
				CEF2661626EF45A3008EE038 /* SideMenuTVCell.xib in Resources */,
				CE8E3128270340EA00C61AE6 /* Information.storyboard in Resources */,
				CE8E312627033C5300C61AE6 /* HomeNavigation.storyboard in Resources */,
				CEF265FC26EF1F09008EE038 /* Assets.xcassets in Resources */,
			);
			runOnlyForDeploymentPostprocessing = 0;
		};
/* End PBXResourcesBuildPhase section */

/* Begin PBXShellScriptBuildPhase section */
		A4F4DADBD9371B5D8ADB5432 /* [CP] Check Pods Manifest.lock */ = {
			isa = PBXShellScriptBuildPhase;
			buildActionMask = 2147483647;
			files = (
			);
			inputFileListPaths = (
			);
			inputPaths = (
				"${PODS_PODFILE_DIR_PATH}/Podfile.lock",
				"${PODS_ROOT}/Manifest.lock",
			);
			name = "[CP] Check Pods Manifest.lock";
			outputFileListPaths = (
			);
			outputPaths = (
				"$(DERIVED_FILE_DIR)/Pods-BanchExample-checkManifestLockResult.txt",
			);
			runOnlyForDeploymentPostprocessing = 0;
			shellPath = /bin/sh;
			shellScript = "diff \"${PODS_PODFILE_DIR_PATH}/Podfile.lock\" \"${PODS_ROOT}/Manifest.lock\" > /dev/null\nif [ $? != 0 ] ; then\n    # print error to STDERR\n    echo \"error: The sandbox is not in sync with the Podfile.lock. Run 'pod install' or update your CocoaPods installation.\" >&2\n    exit 1\nfi\n# This output is used by Xcode 'outputs' to avoid re-running this script phase.\necho \"SUCCESS\" > \"${SCRIPT_OUTPUT_FILE_0}\"\n";
			showEnvVarsInLog = 0;
		};
		CEF2660626EF240C008EE038 /* ShellScript */ = {
			isa = PBXShellScriptBuildPhase;
			buildActionMask = 2147483647;
			files = (
			);
			inputFileListPaths = (
			);
			inputPaths = (
			);
			outputFileListPaths = (
			);
			outputPaths = (
			);
			runOnlyForDeploymentPostprocessing = 0;
			shellPath = /bin/sh;
			shellScript = "${PODS_ROOT}/SwiftLint/swiftlint\n";
		};
/* End PBXShellScriptBuildPhase section */

/* Begin PBXSourcesBuildPhase section */
		CEF265EB26EF1F07008EE038 /* Sources */ = {
			isa = PBXSourcesBuildPhase;
			buildActionMask = 2147483647;
			files = (
				CEF2660F26EF3EFC008EE038 /* SideMenuViewController.swift in Sources */,
				CEF265F726EF1F07008EE038 /* ContainerViewController.swift in Sources */,
				CE88FBDE26F382EA00DE394F /* InformationViewController.swift in Sources */,
				CEF265F326EF1F07008EE038 /* AppDelegate.swift in Sources */,
				CEF2661526EF45A3008EE038 /* SideMenuTVCell.swift in Sources */,
				CEF265F526EF1F07008EE038 /* SceneDelegate.swift in Sources */,
				CE88FBDC26F3613000DE394F /* HomeViewController.swift in Sources */,
			);
			runOnlyForDeploymentPostprocessing = 0;
		};
/* End PBXSourcesBuildPhase section */

/* Begin PBXVariantGroup section */
		CEF265FD26EF1F09008EE038 /* LaunchScreen.storyboard */ = {
			isa = PBXVariantGroup;
			children = (
				CEF265FE26EF1F09008EE038 /* Base */,
			);
			name = LaunchScreen.storyboard;
			sourceTree = "<group>";
		};
/* End PBXVariantGroup section */

/* Begin XCBuildConfiguration section */
		CEF2660126EF1F09008EE038 /* Debug */ = {
			isa = XCBuildConfiguration;
			buildSettings = {
				ALWAYS_SEARCH_USER_PATHS = NO;
				CLANG_ANALYZER_NONNULL = YES;
				CLANG_ANALYZER_NUMBER_OBJECT_CONVERSION = YES_AGGRESSIVE;
				CLANG_CXX_LANGUAGE_STANDARD = "gnu++14";
				CLANG_CXX_LIBRARY = "libc++";
				CLANG_ENABLE_MODULES = YES;
				CLANG_ENABLE_OBJC_ARC = YES;
				CLANG_ENABLE_OBJC_WEAK = YES;
				CLANG_WARN_BLOCK_CAPTURE_AUTORELEASING = YES;
				CLANG_WARN_BOOL_CONVERSION = YES;
				CLANG_WARN_COMMA = YES;
				CLANG_WARN_CONSTANT_CONVERSION = YES;
				CLANG_WARN_DEPRECATED_OBJC_IMPLEMENTATIONS = YES;
				CLANG_WARN_DIRECT_OBJC_ISA_USAGE = YES_ERROR;
				CLANG_WARN_DOCUMENTATION_COMMENTS = YES;
				CLANG_WARN_EMPTY_BODY = YES;
				CLANG_WARN_ENUM_CONVERSION = YES;
				CLANG_WARN_INFINITE_RECURSION = YES;
				CLANG_WARN_INT_CONVERSION = YES;
				CLANG_WARN_NON_LITERAL_NULL_CONVERSION = YES;
				CLANG_WARN_OBJC_IMPLICIT_RETAIN_SELF = YES;
				CLANG_WARN_OBJC_LITERAL_CONVERSION = YES;
				CLANG_WARN_OBJC_ROOT_CLASS = YES_ERROR;
				CLANG_WARN_QUOTED_INCLUDE_IN_FRAMEWORK_HEADER = YES;
				CLANG_WARN_RANGE_LOOP_ANALYSIS = YES;
				CLANG_WARN_STRICT_PROTOTYPES = YES;
				CLANG_WARN_SUSPICIOUS_MOVE = YES;
				CLANG_WARN_UNGUARDED_AVAILABILITY = YES_AGGRESSIVE;
				CLANG_WARN_UNREACHABLE_CODE = YES;
				CLANG_WARN__DUPLICATE_METHOD_MATCH = YES;
				COPY_PHASE_STRIP = NO;
				DEBUG_INFORMATION_FORMAT = dwarf;
				ENABLE_STRICT_OBJC_MSGSEND = YES;
				ENABLE_TESTABILITY = YES;
				GCC_C_LANGUAGE_STANDARD = gnu11;
				GCC_DYNAMIC_NO_PIC = NO;
				GCC_NO_COMMON_BLOCKS = YES;
				GCC_OPTIMIZATION_LEVEL = 0;
				GCC_PREPROCESSOR_DEFINITIONS = (
					"DEBUG=1",
					"$(inherited)",
				);
				GCC_WARN_64_TO_32_BIT_CONVERSION = YES;
				GCC_WARN_ABOUT_RETURN_TYPE = YES_ERROR;
				GCC_WARN_UNDECLARED_SELECTOR = YES;
				GCC_WARN_UNINITIALIZED_AUTOS = YES_AGGRESSIVE;
				GCC_WARN_UNUSED_FUNCTION = YES;
				GCC_WARN_UNUSED_VARIABLE = YES;
				IPHONEOS_DEPLOYMENT_TARGET = 14.5;
				MTL_ENABLE_DEBUG_INFO = INCLUDE_SOURCE;
				MTL_FAST_MATH = YES;
				ONLY_ACTIVE_ARCH = YES;
				SDKROOT = iphoneos;
				SWIFT_ACTIVE_COMPILATION_CONDITIONS = DEBUG;
				SWIFT_OPTIMIZATION_LEVEL = "-Onone";
			};
			name = Debug;
		};
		CEF2660226EF1F09008EE038 /* Release */ = {
			isa = XCBuildConfiguration;
			buildSettings = {
				ALWAYS_SEARCH_USER_PATHS = NO;
				CLANG_ANALYZER_NONNULL = YES;
				CLANG_ANALYZER_NUMBER_OBJECT_CONVERSION = YES_AGGRESSIVE;
				CLANG_CXX_LANGUAGE_STANDARD = "gnu++14";
				CLANG_CXX_LIBRARY = "libc++";
				CLANG_ENABLE_MODULES = YES;
				CLANG_ENABLE_OBJC_ARC = YES;
				CLANG_ENABLE_OBJC_WEAK = YES;
				CLANG_WARN_BLOCK_CAPTURE_AUTORELEASING = YES;
				CLANG_WARN_BOOL_CONVERSION = YES;
				CLANG_WARN_COMMA = YES;
				CLANG_WARN_CONSTANT_CONVERSION = YES;
				CLANG_WARN_DEPRECATED_OBJC_IMPLEMENTATIONS = YES;
				CLANG_WARN_DIRECT_OBJC_ISA_USAGE = YES_ERROR;
				CLANG_WARN_DOCUMENTATION_COMMENTS = YES;
				CLANG_WARN_EMPTY_BODY = YES;
				CLANG_WARN_ENUM_CONVERSION = YES;
				CLANG_WARN_INFINITE_RECURSION = YES;
				CLANG_WARN_INT_CONVERSION = YES;
				CLANG_WARN_NON_LITERAL_NULL_CONVERSION = YES;
				CLANG_WARN_OBJC_IMPLICIT_RETAIN_SELF = YES;
				CLANG_WARN_OBJC_LITERAL_CONVERSION = YES;
				CLANG_WARN_OBJC_ROOT_CLASS = YES_ERROR;
				CLANG_WARN_QUOTED_INCLUDE_IN_FRAMEWORK_HEADER = YES;
				CLANG_WARN_RANGE_LOOP_ANALYSIS = YES;
				CLANG_WARN_STRICT_PROTOTYPES = YES;
				CLANG_WARN_SUSPICIOUS_MOVE = YES;
				CLANG_WARN_UNGUARDED_AVAILABILITY = YES_AGGRESSIVE;
				CLANG_WARN_UNREACHABLE_CODE = YES;
				CLANG_WARN__DUPLICATE_METHOD_MATCH = YES;
				COPY_PHASE_STRIP = NO;
				DEBUG_INFORMATION_FORMAT = "dwarf-with-dsym";
				ENABLE_NS_ASSERTIONS = NO;
				ENABLE_STRICT_OBJC_MSGSEND = YES;
				GCC_C_LANGUAGE_STANDARD = gnu11;
				GCC_NO_COMMON_BLOCKS = YES;
				GCC_WARN_64_TO_32_BIT_CONVERSION = YES;
				GCC_WARN_ABOUT_RETURN_TYPE = YES_ERROR;
				GCC_WARN_UNDECLARED_SELECTOR = YES;
				GCC_WARN_UNINITIALIZED_AUTOS = YES_AGGRESSIVE;
				GCC_WARN_UNUSED_FUNCTION = YES;
				GCC_WARN_UNUSED_VARIABLE = YES;
				IPHONEOS_DEPLOYMENT_TARGET = 14.5;
				MTL_ENABLE_DEBUG_INFO = NO;
				MTL_FAST_MATH = YES;
				SDKROOT = iphoneos;
				SWIFT_COMPILATION_MODE = wholemodule;
				SWIFT_OPTIMIZATION_LEVEL = "-O";
				VALIDATE_PRODUCT = YES;
			};
			name = Release;
		};
		CEF2660426EF1F09008EE038 /* Debug */ = {
			isa = XCBuildConfiguration;
			baseConfigurationReference = B58B45280D7442056926E6FE /* Pods-BanchExample.debug.xcconfig */;
			buildSettings = {
				ASSETCATALOG_COMPILER_APPICON_NAME = AppIcon;
				ASSETCATALOG_COMPILER_GLOBAL_ACCENT_COLOR_NAME = AccentColor;
				CODE_SIGN_STYLE = Automatic;
				DEVELOPMENT_TEAM = L7S522SQRV;
				INFOPLIST_FILE = BanchExample/Info.plist;
				LD_RUNPATH_SEARCH_PATHS = (
					"$(inherited)",
					"@executable_path/Frameworks",
				);
				PRODUCT_BUNDLE_IDENTIFIER = com.chubakova.BanchExample;
				PRODUCT_NAME = "$(TARGET_NAME)";
				SWIFT_VERSION = 5.0;
				TARGETED_DEVICE_FAMILY = "1,2";
			};
			name = Debug;
		};
		CEF2660526EF1F09008EE038 /* Release */ = {
			isa = XCBuildConfiguration;
			baseConfigurationReference = 8B7824135B32911AF64197B2 /* Pods-BanchExample.release.xcconfig */;
			buildSettings = {
				ASSETCATALOG_COMPILER_APPICON_NAME = AppIcon;
				ASSETCATALOG_COMPILER_GLOBAL_ACCENT_COLOR_NAME = AccentColor;
				CODE_SIGN_STYLE = Automatic;
				DEVELOPMENT_TEAM = L7S522SQRV;
				INFOPLIST_FILE = BanchExample/Info.plist;
				LD_RUNPATH_SEARCH_PATHS = (
					"$(inherited)",
					"@executable_path/Frameworks",
				);
				PRODUCT_BUNDLE_IDENTIFIER = com.chubakova.BanchExample;
				PRODUCT_NAME = "$(TARGET_NAME)";
				SWIFT_VERSION = 5.0;
				TARGETED_DEVICE_FAMILY = "1,2";
			};
			name = Release;
		};
/* End XCBuildConfiguration section */

/* Begin XCConfigurationList section */
		CEF265EA26EF1F07008EE038 /* Build configuration list for PBXProject "BanchExample" */ = {
			isa = XCConfigurationList;
			buildConfigurations = (
				CEF2660126EF1F09008EE038 /* Debug */,
				CEF2660226EF1F09008EE038 /* Release */,
			);
			defaultConfigurationIsVisible = 0;
			defaultConfigurationName = Release;
		};
		CEF2660326EF1F09008EE038 /* Build configuration list for PBXNativeTarget "BanchExample" */ = {
			isa = XCConfigurationList;
			buildConfigurations = (
				CEF2660426EF1F09008EE038 /* Debug */,
				CEF2660526EF1F09008EE038 /* Release */,
			);
			defaultConfigurationIsVisible = 0;
			defaultConfigurationName = Release;
		};
/* End XCConfigurationList section */
	};
	rootObject = CEF265E726EF1F07008EE038 /* Project object */;
}
