// !$*UTF8*$!
{
	archiveVersion = 1;
	classes = {
	};
	objectVersion = 51;
	objects = {

/* Begin PBXBuildFile section */
		94C3E01BFF6DA80F6BBB2B40 /* Pods_default_pods_BanchExample.framework in Frameworks */ = {isa = PBXBuildFile; fileRef = 9360E5179CF108FB6D21FC69 /* Pods_default_pods_BanchExample.framework */; };
		CE03346727327AD200BD481D /* MyLocationButton.swift in Sources */ = {isa = PBXBuildFile; fileRef = CE03346627327AD200BD481D /* MyLocationButton.swift */; };
		CE1B77E42716A55200C3034A /* XMLNewsModel.swift in Sources */ = {isa = PBXBuildFile; fileRef = CE1B77E32716A55200C3034A /* XMLNewsModel.swift */; };
		CE1B77E62716B45A00C3034A /* NewsXMLParser.swift in Sources */ = {isa = PBXBuildFile; fileRef = CE1B77E52716B45A00C3034A /* NewsXMLParser.swift */; };
		CE1B77E82716B93300C3034A /* APIConstants.swift in Sources */ = {isa = PBXBuildFile; fileRef = CE1B77E72716B93300C3034A /* APIConstants.swift */; };
		CE1B77EA2716BDF900C3034A /* JSONResponseNewsModel.swift in Sources */ = {isa = PBXBuildFile; fileRef = CE1B77E92716BDF900C3034A /* JSONResponseNewsModel.swift */; };
		CE1B77EE2716E0B800C3034A /* JSONNewsModel.swift in Sources */ = {isa = PBXBuildFile; fileRef = CE1B77ED2716E0B700C3034A /* JSONNewsModel.swift */; };
		CE1B77F02716E0D100C3034A /* SourceModel.swift in Sources */ = {isa = PBXBuildFile; fileRef = CE1B77EF2716E0D100C3034A /* SourceModel.swift */; };
		CE1B77F22716E0F600C3034A /* XMLResponseNewsModel.swift in Sources */ = {isa = PBXBuildFile; fileRef = CE1B77F12716E0F600C3034A /* XMLResponseNewsModel.swift */; };
		CE1B77F42716F9D700C3034A /* NewsModel.swift in Sources */ = {isa = PBXBuildFile; fileRef = CE1B77F32716F9D700C3034A /* NewsModel.swift */; };
		CE249F3A2715D821005448BB /* HomeViewModel.swift in Sources */ = {isa = PBXBuildFile; fileRef = CE249F392715D821005448BB /* HomeViewModel.swift */; };
		CE249F3D2715D96E005448BB /* NetworkManager.swift in Sources */ = {isa = PBXBuildFile; fileRef = CE249F3C2715D96E005448BB /* NetworkManager.swift */; };
		CE326620272BC2400067A9A7 /* FiltersViewController.swift in Sources */ = {isa = PBXBuildFile; fileRef = CE32661E272BC2400067A9A7 /* FiltersViewController.swift */; };
		CE326621272BC2400067A9A7 /* FiltersViewController.xib in Resources */ = {isa = PBXBuildFile; fileRef = CE32661F272BC2400067A9A7 /* FiltersViewController.xib */; };
		CE326623272BE8F00067A9A7 /* PHLibraryAuthorizationManager.swift in Sources */ = {isa = PBXBuildFile; fileRef = CE326622272BE8EF0067A9A7 /* PHLibraryAuthorizationManager.swift */; };
		CE63328F271876140067A45B /* NewsTVCell.swift in Sources */ = {isa = PBXBuildFile; fileRef = CE63328D271876140067A45B /* NewsTVCell.swift */; };
		CE633290271876140067A45B /* NewsTVCell.xib in Resources */ = {isa = PBXBuildFile; fileRef = CE63328E271876140067A45B /* NewsTVCell.xib */; };
		CE633292271883D60067A45B /* DateFormatterExtensions.swift in Sources */ = {isa = PBXBuildFile; fileRef = CE633291271883D60067A45B /* DateFormatterExtensions.swift */; };
		CE667D4B270C6DF0004CD31A /* LanguageSubscriber.swift in Sources */ = {isa = PBXBuildFile; fileRef = CE667D4A270C6DF0004CD31A /* LanguageSubscriber.swift */; };
		CE69013C270EE34D00F09B78 /* CALayerExtensions.swift in Sources */ = {isa = PBXBuildFile; fileRef = CE69013B270EE34D00F09B78 /* CALayerExtensions.swift */; };
		CE690140270F1CB100F09B78 /* InfoTVCell.swift in Sources */ = {isa = PBXBuildFile; fileRef = CE69013E270F1CB100F09B78 /* InfoTVCell.swift */; };
		CE690141270F1CB100F09B78 /* InfoTVCell.xib in Resources */ = {isa = PBXBuildFile; fileRef = CE69013F270F1CB100F09B78 /* InfoTVCell.xib */; };
		CE690145270F276300F09B78 /* InfoCollectionVCell.swift in Sources */ = {isa = PBXBuildFile; fileRef = CE690143270F276300F09B78 /* InfoCollectionVCell.swift */; };
		CE690146270F276300F09B78 /* InfoCollectionVCell.xib in Resources */ = {isa = PBXBuildFile; fileRef = CE690144270F276300F09B78 /* InfoCollectionVCell.xib */; };
		CE70DCD9272931C2009CDC61 /* UserDefaultsConstants.swift in Sources */ = {isa = PBXBuildFile; fileRef = CE70DCD8272931C2009CDC61 /* UserDefaultsConstants.swift */; };
		CE72F0B82719524200D9E844 /* BanchExample.xcdatamodeld in Sources */ = {isa = PBXBuildFile; fileRef = CE72F0B62719524200D9E844 /* BanchExample.xcdatamodeld */; };
		CE72F0BA2719537000D9E844 /* CoreDataManager.swift in Sources */ = {isa = PBXBuildFile; fileRef = CE72F0B92719537000D9E844 /* CoreDataManager.swift */; };
		CE72F0C12719556000D9E844 /* News+CoreDataClass.swift in Sources */ = {isa = PBXBuildFile; fileRef = CE72F0BF2719556000D9E844 /* News+CoreDataClass.swift */; };
		CE72F0C42719562E00D9E844 /* NewsArray.swift in Sources */ = {isa = PBXBuildFile; fileRef = CE72F0C32719562E00D9E844 /* NewsArray.swift */; };
		CE793FCE273A693F00311423 /* UIAlertActionExtensions.swift in Sources */ = {isa = PBXBuildFile; fileRef = CE793FCD273A693F00311423 /* UIAlertActionExtensions.swift */; };
		CE793FD8273A9F8100311423 /* NSAttributedStringExtensions.swift in Sources */ = {isa = PBXBuildFile; fileRef = CE793FD7273A9F8100311423 /* NSAttributedStringExtensions.swift */; };
		CE793FDB273AA6E400311423 /* PolicyAndTerms.storyboard in Resources */ = {isa = PBXBuildFile; fileRef = CE793FDA273AA6E400311423 /* PolicyAndTerms.storyboard */; };
		CE793FDD273AA75200311423 /* PolicyAndTermsViewController.swift in Sources */ = {isa = PBXBuildFile; fileRef = CE793FDC273AA75200311423 /* PolicyAndTermsViewController.swift */; };
		CE793FE0273AB30E00311423 /* TermsAndConditions-ru.txt in Resources */ = {isa = PBXBuildFile; fileRef = CE793FDE273AB30E00311423 /* TermsAndConditions-ru.txt */; };
		CE793FE1273AB30E00311423 /* TermsAndConditions-en.txt in Resources */ = {isa = PBXBuildFile; fileRef = CE793FDF273AB30E00311423 /* TermsAndConditions-en.txt */; };
		CE793FE4273AB36300311423 /* PrivacyPolicy-en.txt in Resources */ = {isa = PBXBuildFile; fileRef = CE793FE2273AB36300311423 /* PrivacyPolicy-en.txt */; };
		CE793FE5273AB36300311423 /* PrivacyPolicy-ru.txt in Resources */ = {isa = PBXBuildFile; fileRef = CE793FE3273AB36300311423 /* PrivacyPolicy-ru.txt */; };
		CE793FF1273AC98A00311423 /* StoryboardsConstants.swift in Sources */ = {isa = PBXBuildFile; fileRef = CE793FF0273AC98A00311423 /* StoryboardsConstants.swift */; };
		CE7C11BD270AD31A00063336 /* Localizable.strings in Resources */ = {isa = PBXBuildFile; fileRef = CE7C11BF270AD31A00063336 /* Localizable.strings */; };
		CE7C11C2270ADA0C00063336 /* LocalizeKeys.swift in Sources */ = {isa = PBXBuildFile; fileRef = CE7C11C1270ADA0C00063336 /* LocalizeKeys.swift */; };
		CE7C11C7270AF5F500063336 /* StringExtensions.swift in Sources */ = {isa = PBXBuildFile; fileRef = CE7C11C6270AF5F500063336 /* StringExtensions.swift */; };
		CE7C11C9270AF88C00063336 /* LanguageObserver.swift in Sources */ = {isa = PBXBuildFile; fileRef = CE7C11C8270AF88C00063336 /* LanguageObserver.swift */; };
		CE7CCDF22732654B002F5182 /* AppleMapsViewController.swift in Sources */ = {isa = PBXBuildFile; fileRef = CE7CCDF12732654B002F5182 /* AppleMapsViewController.swift */; };
		CE7CCDF427326808002F5182 /* AppleMaps.storyboard in Resources */ = {isa = PBXBuildFile; fileRef = CE7CCDF327326808002F5182 /* AppleMaps.storyboard */; };
		CE7FC0A7270DAA99007325DA /* CustomAlertView.xib in Resources */ = {isa = PBXBuildFile; fileRef = CE7FC0A6270DAA99007325DA /* CustomAlertView.xib */; };
		CE7FC0A9270DABCC007325DA /* CustomAlertView.swift in Sources */ = {isa = PBXBuildFile; fileRef = CE7FC0A8270DABCC007325DA /* CustomAlertView.swift */; };
		CE7FC0AB270DDB40007325DA /* CustomAlertController.swift in Sources */ = {isa = PBXBuildFile; fileRef = CE7FC0AA270DDB40007325DA /* CustomAlertController.swift */; };
		CE82DB592730063600C265E1 /* NSDateExtensions.swift in Sources */ = {isa = PBXBuildFile; fileRef = CE82DB582730063600C265E1 /* NSDateExtensions.swift */; };
		CE88FBDC26F3613000DE394F /* HomeViewController.swift in Sources */ = {isa = PBXBuildFile; fileRef = CE88FBDB26F3613000DE394F /* HomeViewController.swift */; };
		CE88FBDE26F382EA00DE394F /* PHLibraryViewController.swift in Sources */ = {isa = PBXBuildFile; fileRef = CE88FBDD26F382EA00DE394F /* PHLibraryViewController.swift */; };
		CE892A2A273D287500AAB9B8 /* CameraViewModel.swift in Sources */ = {isa = PBXBuildFile; fileRef = CE892A29273D287500AAB9B8 /* CameraViewModel.swift */; };
		CE892A2C273D2FEF00AAB9B8 /* VideoPreviewView.swift in Sources */ = {isa = PBXBuildFile; fileRef = CE892A2B273D2FEF00AAB9B8 /* VideoPreviewView.swift */; };
		CE892A30273D552E00AAB9B8 /* NotificationView.swift in Sources */ = {isa = PBXBuildFile; fileRef = CE892A2F273D552E00AAB9B8 /* NotificationView.swift */; };
		CE8AB95E271F000E00AEEEE4 /* NewsViewController.swift in Sources */ = {isa = PBXBuildFile; fileRef = CE8AB95D271F000E00AEEEE4 /* NewsViewController.swift */; };
		CE8AB960271F0DCA00AEEEE4 /* News.storyboard in Resources */ = {isa = PBXBuildFile; fileRef = CE8AB95F271F0DCA00AEEEE4 /* News.storyboard */; };
		CE8AB962271F228F00AEEEE4 /* UINavigationControllerExtensions.swift in Sources */ = {isa = PBXBuildFile; fileRef = CE8AB961271F228F00AEEEE4 /* UINavigationControllerExtensions.swift */; };
		CE8B0E19273BBE7C005410DC /* PHLibraryViewModel.swift in Sources */ = {isa = PBXBuildFile; fileRef = CE8B0E18273BBE7C005410DC /* PHLibraryViewModel.swift */; };
		CE8B0E1C273BE641005410DC /* CameraViewController.swift in Sources */ = {isa = PBXBuildFile; fileRef = CE8B0E1B273BE641005410DC /* CameraViewController.swift */; };
		CE8E312627033C5300C61AE6 /* HomeNavigation.storyboard in Resources */ = {isa = PBXBuildFile; fileRef = CE8E312527033C5300C61AE6 /* HomeNavigation.storyboard */; };
		CE929D4C27044EFD0031A8C8 /* GoogleMapsViewController.swift in Sources */ = {isa = PBXBuildFile; fileRef = CE929D4B27044EFD0031A8C8 /* GoogleMapsViewController.swift */; };
		CE929D4E270452130031A8C8 /* GoogleMaps.storyboard in Resources */ = {isa = PBXBuildFile; fileRef = CE929D4D270452130031A8C8 /* GoogleMaps.storyboard */; };
		CE929D5127047C510031A8C8 /* SettingsViewController.swift in Sources */ = {isa = PBXBuildFile; fileRef = CE929D5027047C510031A8C8 /* SettingsViewController.swift */; };
		CE929D5327047C770031A8C8 /* SettingsNavigation.storyboard in Resources */ = {isa = PBXBuildFile; fileRef = CE929D5227047C770031A8C8 /* SettingsNavigation.storyboard */; };
		CEDD9CC6271D587E002F9833 /* loading-state.json in Resources */ = {isa = PBXBuildFile; fileRef = CEDD9CC5271D587E002F9833 /* loading-state.json */; };
		CEF265F326EF1F07008EE038 /* AppDelegate.swift in Sources */ = {isa = PBXBuildFile; fileRef = CEF265F226EF1F07008EE038 /* AppDelegate.swift */; };
		CEF265F526EF1F07008EE038 /* SceneDelegate.swift in Sources */ = {isa = PBXBuildFile; fileRef = CEF265F426EF1F07008EE038 /* SceneDelegate.swift */; };
		CEF265F726EF1F07008EE038 /* ContainerViewController.swift in Sources */ = {isa = PBXBuildFile; fileRef = CEF265F626EF1F07008EE038 /* ContainerViewController.swift */; };
		CEF265FC26EF1F09008EE038 /* Assets.xcassets in Resources */ = {isa = PBXBuildFile; fileRef = CEF265FB26EF1F09008EE038 /* Assets.xcassets */; };
		CEF265FF26EF1F09008EE038 /* LaunchScreen.storyboard in Resources */ = {isa = PBXBuildFile; fileRef = CEF265FD26EF1F09008EE038 /* LaunchScreen.storyboard */; };
		CEF2660F26EF3EFC008EE038 /* SideMenuViewController.swift in Sources */ = {isa = PBXBuildFile; fileRef = CEF2660E26EF3EFC008EE038 /* SideMenuViewController.swift */; };
		CEF2661126EF3F26008EE038 /* SideMenu.storyboard in Resources */ = {isa = PBXBuildFile; fileRef = CEF2661026EF3F26008EE038 /* SideMenu.storyboard */; };
		CEF2661526EF45A3008EE038 /* SideMenuTVCell.swift in Sources */ = {isa = PBXBuildFile; fileRef = CEF2661326EF45A3008EE038 /* SideMenuTVCell.swift */; };
		CEF2661626EF45A3008EE038 /* SideMenuTVCell.xib in Resources */ = {isa = PBXBuildFile; fileRef = CEF2661426EF45A3008EE038 /* SideMenuTVCell.xib */; };
/* End PBXBuildFile section */

/* Begin PBXFileReference section */
		26D9AF54ECAAD7B160337430 /* Pods-default_pods-BanchExample.release.xcconfig */ = {isa = PBXFileReference; includeInIndex = 1; lastKnownFileType = text.xcconfig; name = "Pods-default_pods-BanchExample.release.xcconfig"; path = "Target Support Files/Pods-default_pods-BanchExample/Pods-default_pods-BanchExample.release.xcconfig"; sourceTree = "<group>"; };
		9360E5179CF108FB6D21FC69 /* Pods_default_pods_BanchExample.framework */ = {isa = PBXFileReference; explicitFileType = wrapper.framework; includeInIndex = 0; path = Pods_default_pods_BanchExample.framework; sourceTree = BUILT_PRODUCTS_DIR; };
		CE03346627327AD200BD481D /* MyLocationButton.swift */ = {isa = PBXFileReference; lastKnownFileType = sourcecode.swift; path = MyLocationButton.swift; sourceTree = "<group>"; };
		CE1B77E32716A55200C3034A /* XMLNewsModel.swift */ = {isa = PBXFileReference; lastKnownFileType = sourcecode.swift; path = XMLNewsModel.swift; sourceTree = "<group>"; };
		CE1B77E52716B45A00C3034A /* NewsXMLParser.swift */ = {isa = PBXFileReference; lastKnownFileType = sourcecode.swift; path = NewsXMLParser.swift; sourceTree = "<group>"; };
		CE1B77E72716B93300C3034A /* APIConstants.swift */ = {isa = PBXFileReference; lastKnownFileType = sourcecode.swift; path = APIConstants.swift; sourceTree = "<group>"; };
		CE1B77E92716BDF900C3034A /* JSONResponseNewsModel.swift */ = {isa = PBXFileReference; lastKnownFileType = sourcecode.swift; path = JSONResponseNewsModel.swift; sourceTree = "<group>"; };
		CE1B77ED2716E0B700C3034A /* JSONNewsModel.swift */ = {isa = PBXFileReference; lastKnownFileType = sourcecode.swift; path = JSONNewsModel.swift; sourceTree = "<group>"; };
		CE1B77EF2716E0D100C3034A /* SourceModel.swift */ = {isa = PBXFileReference; lastKnownFileType = sourcecode.swift; path = SourceModel.swift; sourceTree = "<group>"; };
		CE1B77F12716E0F600C3034A /* XMLResponseNewsModel.swift */ = {isa = PBXFileReference; lastKnownFileType = sourcecode.swift; path = XMLResponseNewsModel.swift; sourceTree = "<group>"; };
		CE1B77F32716F9D700C3034A /* NewsModel.swift */ = {isa = PBXFileReference; lastKnownFileType = sourcecode.swift; path = NewsModel.swift; sourceTree = "<group>"; };
		CE249F392715D821005448BB /* HomeViewModel.swift */ = {isa = PBXFileReference; lastKnownFileType = sourcecode.swift; path = HomeViewModel.swift; sourceTree = "<group>"; };
		CE249F3C2715D96E005448BB /* NetworkManager.swift */ = {isa = PBXFileReference; lastKnownFileType = sourcecode.swift; path = NetworkManager.swift; sourceTree = "<group>"; };
		CE32661E272BC2400067A9A7 /* FiltersViewController.swift */ = {isa = PBXFileReference; lastKnownFileType = sourcecode.swift; path = FiltersViewController.swift; sourceTree = "<group>"; };
		CE32661F272BC2400067A9A7 /* FiltersViewController.xib */ = {isa = PBXFileReference; lastKnownFileType = file.xib; path = FiltersViewController.xib; sourceTree = "<group>"; };
		CE326622272BE8EF0067A9A7 /* PHLibraryAuthorizationManager.swift */ = {isa = PBXFileReference; lastKnownFileType = sourcecode.swift; path = PHLibraryAuthorizationManager.swift; sourceTree = "<group>"; };
		CE63328D271876140067A45B /* NewsTVCell.swift */ = {isa = PBXFileReference; lastKnownFileType = sourcecode.swift; path = NewsTVCell.swift; sourceTree = "<group>"; };
		CE63328E271876140067A45B /* NewsTVCell.xib */ = {isa = PBXFileReference; lastKnownFileType = file.xib; path = NewsTVCell.xib; sourceTree = "<group>"; };
		CE633291271883D60067A45B /* DateFormatterExtensions.swift */ = {isa = PBXFileReference; lastKnownFileType = sourcecode.swift; path = DateFormatterExtensions.swift; sourceTree = "<group>"; };
		CE667D4A270C6DF0004CD31A /* LanguageSubscriber.swift */ = {isa = PBXFileReference; lastKnownFileType = sourcecode.swift; path = LanguageSubscriber.swift; sourceTree = "<group>"; };
		CE69013B270EE34D00F09B78 /* CALayerExtensions.swift */ = {isa = PBXFileReference; lastKnownFileType = sourcecode.swift; path = CALayerExtensions.swift; sourceTree = "<group>"; };
		CE69013E270F1CB100F09B78 /* InfoTVCell.swift */ = {isa = PBXFileReference; lastKnownFileType = sourcecode.swift; path = InfoTVCell.swift; sourceTree = "<group>"; };
		CE69013F270F1CB100F09B78 /* InfoTVCell.xib */ = {isa = PBXFileReference; lastKnownFileType = file.xib; path = InfoTVCell.xib; sourceTree = "<group>"; };
		CE690143270F276300F09B78 /* InfoCollectionVCell.swift */ = {isa = PBXFileReference; lastKnownFileType = sourcecode.swift; path = InfoCollectionVCell.swift; sourceTree = "<group>"; };
		CE690144270F276300F09B78 /* InfoCollectionVCell.xib */ = {isa = PBXFileReference; lastKnownFileType = file.xib; path = InfoCollectionVCell.xib; sourceTree = "<group>"; };
		CE70DCD8272931C2009CDC61 /* UserDefaultsConstants.swift */ = {isa = PBXFileReference; lastKnownFileType = sourcecode.swift; path = UserDefaultsConstants.swift; sourceTree = "<group>"; };
		CE72F0B72719524200D9E844 /* BanchExample.xcdatamodel */ = {isa = PBXFileReference; lastKnownFileType = wrapper.xcdatamodel; path = BanchExample.xcdatamodel; sourceTree = "<group>"; };
		CE72F0B92719537000D9E844 /* CoreDataManager.swift */ = {isa = PBXFileReference; lastKnownFileType = sourcecode.swift; path = CoreDataManager.swift; sourceTree = "<group>"; };
		CE72F0BF2719556000D9E844 /* News+CoreDataClass.swift */ = {isa = PBXFileReference; fileEncoding = 4; lastKnownFileType = sourcecode.swift; path = "News+CoreDataClass.swift"; sourceTree = "<group>"; };
		CE72F0C32719562E00D9E844 /* NewsArray.swift */ = {isa = PBXFileReference; lastKnownFileType = sourcecode.swift; path = NewsArray.swift; sourceTree = "<group>"; };
		CE7923A127317ED9005CD205 /* BanchExample-Bridging-Header.h */ = {isa = PBXFileReference; lastKnownFileType = sourcecode.c.h; path = "BanchExample-Bridging-Header.h"; sourceTree = "<group>"; };
		CE793FCD273A693F00311423 /* UIAlertActionExtensions.swift */ = {isa = PBXFileReference; lastKnownFileType = sourcecode.swift; path = UIAlertActionExtensions.swift; sourceTree = "<group>"; };
		CE793FD7273A9F8100311423 /* NSAttributedStringExtensions.swift */ = {isa = PBXFileReference; lastKnownFileType = sourcecode.swift; path = NSAttributedStringExtensions.swift; sourceTree = "<group>"; };
		CE793FDA273AA6E400311423 /* PolicyAndTerms.storyboard */ = {isa = PBXFileReference; lastKnownFileType = file.storyboard; path = PolicyAndTerms.storyboard; sourceTree = "<group>"; };
		CE793FDC273AA75200311423 /* PolicyAndTermsViewController.swift */ = {isa = PBXFileReference; lastKnownFileType = sourcecode.swift; path = PolicyAndTermsViewController.swift; sourceTree = "<group>"; };
		CE793FDE273AB30E00311423 /* TermsAndConditions-ru.txt */ = {isa = PBXFileReference; fileEncoding = 4; lastKnownFileType = text; path = "TermsAndConditions-ru.txt"; sourceTree = "<group>"; };
		CE793FDF273AB30E00311423 /* TermsAndConditions-en.txt */ = {isa = PBXFileReference; fileEncoding = 4; lastKnownFileType = text; path = "TermsAndConditions-en.txt"; sourceTree = "<group>"; };
		CE793FE2273AB36300311423 /* PrivacyPolicy-en.txt */ = {isa = PBXFileReference; fileEncoding = 4; lastKnownFileType = text; path = "PrivacyPolicy-en.txt"; sourceTree = "<group>"; };
		CE793FE3273AB36300311423 /* PrivacyPolicy-ru.txt */ = {isa = PBXFileReference; fileEncoding = 4; lastKnownFileType = text; path = "PrivacyPolicy-ru.txt"; sourceTree = "<group>"; };
		CE793FF0273AC98A00311423 /* StoryboardsConstants.swift */ = {isa = PBXFileReference; lastKnownFileType = sourcecode.swift; path = StoryboardsConstants.swift; sourceTree = "<group>"; };
		CE7C11BE270AD31A00063336 /* en */ = {isa = PBXFileReference; lastKnownFileType = text.plist.strings; name = en; path = en.lproj/Localizable.strings; sourceTree = "<group>"; };
		CE7C11C0270AD36400063336 /* ru */ = {isa = PBXFileReference; lastKnownFileType = text.plist.strings; name = ru; path = ru.lproj/Localizable.strings; sourceTree = "<group>"; };
		CE7C11C1270ADA0C00063336 /* LocalizeKeys.swift */ = {isa = PBXFileReference; lastKnownFileType = sourcecode.swift; path = LocalizeKeys.swift; sourceTree = "<group>"; };
		CE7C11C6270AF5F500063336 /* StringExtensions.swift */ = {isa = PBXFileReference; lastKnownFileType = sourcecode.swift; path = StringExtensions.swift; sourceTree = "<group>"; };
		CE7C11C8270AF88C00063336 /* LanguageObserver.swift */ = {isa = PBXFileReference; lastKnownFileType = sourcecode.swift; path = LanguageObserver.swift; sourceTree = "<group>"; };
		CE7CCDF12732654B002F5182 /* AppleMapsViewController.swift */ = {isa = PBXFileReference; lastKnownFileType = sourcecode.swift; path = AppleMapsViewController.swift; sourceTree = "<group>"; };
		CE7CCDF327326808002F5182 /* AppleMaps.storyboard */ = {isa = PBXFileReference; lastKnownFileType = file.storyboard; path = AppleMaps.storyboard; sourceTree = "<group>"; };
		CE7FC0A6270DAA99007325DA /* CustomAlertView.xib */ = {isa = PBXFileReference; lastKnownFileType = file.xib; path = CustomAlertView.xib; sourceTree = "<group>"; };
		CE7FC0A8270DABCC007325DA /* CustomAlertView.swift */ = {isa = PBXFileReference; lastKnownFileType = sourcecode.swift; path = CustomAlertView.swift; sourceTree = "<group>"; };
		CE7FC0AA270DDB40007325DA /* CustomAlertController.swift */ = {isa = PBXFileReference; lastKnownFileType = sourcecode.swift; path = CustomAlertController.swift; sourceTree = "<group>"; };
		CE82DB582730063600C265E1 /* NSDateExtensions.swift */ = {isa = PBXFileReference; lastKnownFileType = sourcecode.swift; path = NSDateExtensions.swift; sourceTree = "<group>"; };
		CE88FBDB26F3613000DE394F /* HomeViewController.swift */ = {isa = PBXFileReference; lastKnownFileType = sourcecode.swift; path = HomeViewController.swift; sourceTree = "<group>"; };
		CE88FBDD26F382EA00DE394F /* PHLibraryViewController.swift */ = {isa = PBXFileReference; lastKnownFileType = sourcecode.swift; path = PHLibraryViewController.swift; sourceTree = "<group>"; };
		CE892A29273D287500AAB9B8 /* CameraViewModel.swift */ = {isa = PBXFileReference; lastKnownFileType = sourcecode.swift; path = CameraViewModel.swift; sourceTree = "<group>"; };
		CE892A2B273D2FEF00AAB9B8 /* VideoPreviewView.swift */ = {isa = PBXFileReference; lastKnownFileType = sourcecode.swift; path = VideoPreviewView.swift; sourceTree = "<group>"; };
		CE892A2F273D552E00AAB9B8 /* NotificationView.swift */ = {isa = PBXFileReference; lastKnownFileType = sourcecode.swift; path = NotificationView.swift; sourceTree = "<group>"; };
		CE8AB95D271F000E00AEEEE4 /* NewsViewController.swift */ = {isa = PBXFileReference; lastKnownFileType = sourcecode.swift; path = NewsViewController.swift; sourceTree = "<group>"; };
		CE8AB95F271F0DCA00AEEEE4 /* News.storyboard */ = {isa = PBXFileReference; lastKnownFileType = file.storyboard; path = News.storyboard; sourceTree = "<group>"; };
		CE8AB961271F228F00AEEEE4 /* UINavigationControllerExtensions.swift */ = {isa = PBXFileReference; lastKnownFileType = sourcecode.swift; path = UINavigationControllerExtensions.swift; sourceTree = "<group>"; };
		CE8B0E18273BBE7C005410DC /* PHLibraryViewModel.swift */ = {isa = PBXFileReference; lastKnownFileType = sourcecode.swift; path = PHLibraryViewModel.swift; sourceTree = "<group>"; };
		CE8B0E1B273BE641005410DC /* CameraViewController.swift */ = {isa = PBXFileReference; lastKnownFileType = sourcecode.swift; path = CameraViewController.swift; sourceTree = "<group>"; };
		CE8E312527033C5300C61AE6 /* HomeNavigation.storyboard */ = {isa = PBXFileReference; lastKnownFileType = file.storyboard; path = HomeNavigation.storyboard; sourceTree = "<group>"; };
		CE929D4B27044EFD0031A8C8 /* GoogleMapsViewController.swift */ = {isa = PBXFileReference; lastKnownFileType = sourcecode.swift; path = GoogleMapsViewController.swift; sourceTree = "<group>"; };
		CE929D4D270452130031A8C8 /* GoogleMaps.storyboard */ = {isa = PBXFileReference; lastKnownFileType = file.storyboard; path = GoogleMaps.storyboard; sourceTree = "<group>"; };
		CE929D5027047C510031A8C8 /* SettingsViewController.swift */ = {isa = PBXFileReference; lastKnownFileType = sourcecode.swift; path = SettingsViewController.swift; sourceTree = "<group>"; };
		CE929D5227047C770031A8C8 /* SettingsNavigation.storyboard */ = {isa = PBXFileReference; lastKnownFileType = file.storyboard; path = SettingsNavigation.storyboard; sourceTree = "<group>"; };
		CEDD9CC5271D587E002F9833 /* loading-state.json */ = {isa = PBXFileReference; fileEncoding = 4; lastKnownFileType = text.json; path = "loading-state.json"; sourceTree = "<group>"; };
		CEF265EF26EF1F07008EE038 /* BanchExample.app */ = {isa = PBXFileReference; explicitFileType = wrapper.application; includeInIndex = 0; path = BanchExample.app; sourceTree = BUILT_PRODUCTS_DIR; };
		CEF265F226EF1F07008EE038 /* AppDelegate.swift */ = {isa = PBXFileReference; lastKnownFileType = sourcecode.swift; path = AppDelegate.swift; sourceTree = "<group>"; };
		CEF265F426EF1F07008EE038 /* SceneDelegate.swift */ = {isa = PBXFileReference; lastKnownFileType = sourcecode.swift; path = SceneDelegate.swift; sourceTree = "<group>"; };
		CEF265F626EF1F07008EE038 /* ContainerViewController.swift */ = {isa = PBXFileReference; lastKnownFileType = sourcecode.swift; path = ContainerViewController.swift; sourceTree = "<group>"; };
		CEF265FB26EF1F09008EE038 /* Assets.xcassets */ = {isa = PBXFileReference; lastKnownFileType = folder.assetcatalog; path = Assets.xcassets; sourceTree = "<group>"; };
		CEF265FE26EF1F09008EE038 /* Base */ = {isa = PBXFileReference; lastKnownFileType = file.storyboard; name = Base; path = Base.lproj/LaunchScreen.storyboard; sourceTree = "<group>"; };
		CEF2660026EF1F09008EE038 /* Info.plist */ = {isa = PBXFileReference; lastKnownFileType = text.plist.xml; path = Info.plist; sourceTree = "<group>"; };
		CEF2660E26EF3EFC008EE038 /* SideMenuViewController.swift */ = {isa = PBXFileReference; lastKnownFileType = sourcecode.swift; path = SideMenuViewController.swift; sourceTree = "<group>"; };
		CEF2661026EF3F26008EE038 /* SideMenu.storyboard */ = {isa = PBXFileReference; lastKnownFileType = file.storyboard; path = SideMenu.storyboard; sourceTree = "<group>"; };
		CEF2661326EF45A3008EE038 /* SideMenuTVCell.swift */ = {isa = PBXFileReference; lastKnownFileType = sourcecode.swift; path = SideMenuTVCell.swift; sourceTree = "<group>"; };
		CEF2661426EF45A3008EE038 /* SideMenuTVCell.xib */ = {isa = PBXFileReference; lastKnownFileType = file.xib; path = SideMenuTVCell.xib; sourceTree = "<group>"; };
		EF319AA9A2944FF43A6BAFCA /* Pods-default_pods-BanchExample.debug.xcconfig */ = {isa = PBXFileReference; includeInIndex = 1; lastKnownFileType = text.xcconfig; name = "Pods-default_pods-BanchExample.debug.xcconfig"; path = "Target Support Files/Pods-default_pods-BanchExample/Pods-default_pods-BanchExample.debug.xcconfig"; sourceTree = "<group>"; };
/* End PBXFileReference section */

/* Begin PBXFrameworksBuildPhase section */
		CEF265EC26EF1F07008EE038 /* Frameworks */ = {
			isa = PBXFrameworksBuildPhase;
			buildActionMask = 2147483647;
			files = (
				94C3E01BFF6DA80F6BBB2B40 /* Pods_default_pods_BanchExample.framework in Frameworks */,
			);
			runOnlyForDeploymentPostprocessing = 0;
		};
/* End PBXFrameworksBuildPhase section */

/* Begin PBXGroup section */
		46E8DE33B24402BF568D378F /* Frameworks */ = {
			isa = PBXGroup;
			children = (
				9360E5179CF108FB6D21FC69 /* Pods_default_pods_BanchExample.framework */,
			);
			name = Frameworks;
			sourceTree = "<group>";
		};
		CE1B77E22716A4E000C3034A /* Models */ = {
			isa = PBXGroup;
			children = (
				CE1B77ED2716E0B700C3034A /* JSONNewsModel.swift */,
				CE1B77E92716BDF900C3034A /* JSONResponseNewsModel.swift */,
				CE72F0BF2719556000D9E844 /* News+CoreDataClass.swift */,
				CE72F0C32719562E00D9E844 /* NewsArray.swift */,
				CE1B77F32716F9D700C3034A /* NewsModel.swift */,
				CE1B77EF2716E0D100C3034A /* SourceModel.swift */,
				CE1B77E32716A55200C3034A /* XMLNewsModel.swift */,
				CE1B77F12716E0F600C3034A /* XMLResponseNewsModel.swift */,
			);
			path = Models;
			sourceTree = "<group>";
		};
		CE249F3B2715D959005448BB /* Network */ = {
			isa = PBXGroup;
			children = (
				CE249F3C2715D96E005448BB /* NetworkManager.swift */,
				CE1B77E52716B45A00C3034A /* NewsXMLParser.swift */,
			);
			path = Network;
			sourceTree = "<group>";
		};
		CE326619272BC0C20067A9A7 /* Filters */ = {
			isa = PBXGroup;
			children = (
				CE32661E272BC2400067A9A7 /* FiltersViewController.swift */,
				CE32661F272BC2400067A9A7 /* FiltersViewController.xib */,
			);
			path = Filters;
			sourceTree = "<group>";
		};
		CE63328C271875DA0067A45B /* NewsTVCell */ = {
			isa = PBXGroup;
			children = (
				CE63328D271876140067A45B /* NewsTVCell.swift */,
				CE63328E271876140067A45B /* NewsTVCell.xib */,
			);
			path = NewsTVCell;
			sourceTree = "<group>";
		};
		CE69013D270F1C3F00F09B78 /* InformationTableViewCell */ = {
			isa = PBXGroup;
			children = (
				CE69013E270F1CB100F09B78 /* InfoTVCell.swift */,
				CE69013F270F1CB100F09B78 /* InfoTVCell.xib */,
				CE690142270F271E00F09B78 /* InfoCollectionVCell */,
			);
			path = InformationTableViewCell;
			sourceTree = "<group>";
		};
		CE690142270F271E00F09B78 /* InfoCollectionVCell */ = {
			isa = PBXGroup;
			children = (
				CE690143270F276300F09B78 /* InfoCollectionVCell.swift */,
				CE690144270F276300F09B78 /* InfoCollectionVCell.xib */,
			);
			path = InfoCollectionVCell;
			sourceTree = "<group>";
		};
		CE72F0B52719521F00D9E844 /* CoreData */ = {
			isa = PBXGroup;
			children = (
				CE72F0B92719537000D9E844 /* CoreDataManager.swift */,
				CE72F0B62719524200D9E844 /* BanchExample.xcdatamodeld */,
			);
			path = CoreData;
			sourceTree = "<group>";
		};
		CE793FD9273AA6A200311423 /* PolicyAndTerms */ = {
			isa = PBXGroup;
			children = (
				CE793FDA273AA6E400311423 /* PolicyAndTerms.storyboard */,
				CE793FDC273AA75200311423 /* PolicyAndTermsViewController.swift */,
			);
			path = PolicyAndTerms;
			sourceTree = "<group>";
		};
		CE793FEE273AC06A00311423 /* PrivacyPolicy */ = {
			isa = PBXGroup;
			children = (
				CE793FE2273AB36300311423 /* PrivacyPolicy-en.txt */,
				CE793FE3273AB36300311423 /* PrivacyPolicy-ru.txt */,
			);
			path = PrivacyPolicy;
			sourceTree = "<group>";
		};
		CE793FEF273AC08100311423 /* TermsAndConditions */ = {
			isa = PBXGroup;
			children = (
				CE793FDF273AB30E00311423 /* TermsAndConditions-en.txt */,
				CE793FDE273AB30E00311423 /* TermsAndConditions-ru.txt */,
			);
			path = TermsAndConditions;
			sourceTree = "<group>";
		};
		CE7C11C3270AE14600063336 /* Localization */ = {
			isa = PBXGroup;
			children = (
				CE7C11C8270AF88C00063336 /* LanguageObserver.swift */,
				CE667D4A270C6DF0004CD31A /* LanguageSubscriber.swift */,
				CE7C11C1270ADA0C00063336 /* LocalizeKeys.swift */,
			);
			path = Localization;
			sourceTree = "<group>";
		};
		CE7C11C4270AF55700063336 /* Utils */ = {
			isa = PBXGroup;
			children = (
				CE8314402729821B007D11A3 /* Constants */,
				CE7C11C5270AF5DF00063336 /* Extensions */,
				CE7C11C3270AE14600063336 /* Localization */,
			);
			path = Utils;
			sourceTree = "<group>";
		};
		CE7C11C5270AF5DF00063336 /* Extensions */ = {
			isa = PBXGroup;
			children = (
				CE69013B270EE34D00F09B78 /* CALayerExtensions.swift */,
				CE633291271883D60067A45B /* DateFormatterExtensions.swift */,
				CE793FD7273A9F8100311423 /* NSAttributedStringExtensions.swift */,
				CE82DB582730063600C265E1 /* NSDateExtensions.swift */,
				CE7C11C6270AF5F500063336 /* StringExtensions.swift */,
				CE793FCD273A693F00311423 /* UIAlertActionExtensions.swift */,
				CE8AB961271F228F00AEEEE4 /* UINavigationControllerExtensions.swift */,
			);
			path = Extensions;
			sourceTree = "<group>";
		};
		CE7CCDF0273261DC002F5182 /* AppleMaps */ = {
			isa = PBXGroup;
			children = (
				CE7CCDF327326808002F5182 /* AppleMaps.storyboard */,
				CE7CCDF12732654B002F5182 /* AppleMapsViewController.swift */,
			);
			path = AppleMaps;
			sourceTree = "<group>";
		};
		CE7FC09E270D88D0007325DA /* Views */ = {
			isa = PBXGroup;
			children = (
				CE03346627327AD200BD481D /* MyLocationButton.swift */,
				CE892A2F273D552E00AAB9B8 /* NotificationView.swift */,
				CE892A2B273D2FEF00AAB9B8 /* VideoPreviewView.swift */,
				CE7FC0A3270DAA11007325DA /* CustomAlert */,
			);
			path = Views;
			sourceTree = "<group>";
		};
		CE7FC0A3270DAA11007325DA /* CustomAlert */ = {
			isa = PBXGroup;
			children = (
				CE7FC0AA270DDB40007325DA /* CustomAlertController.swift */,
				CE7FC0A8270DABCC007325DA /* CustomAlertView.swift */,
				CE7FC0A6270DAA99007325DA /* CustomAlertView.xib */,
			);
			path = CustomAlert;
			sourceTree = "<group>";
		};
		CE8314402729821B007D11A3 /* Constants */ = {
			isa = PBXGroup;
			children = (
				CE1B77E72716B93300C3034A /* APIConstants.swift */,
				CE793FF0273AC98A00311423 /* StoryboardsConstants.swift */,
				CE70DCD8272931C2009CDC61 /* UserDefaultsConstants.swift */,
			);
			path = Constants;
			sourceTree = "<group>";
		};
		CE8AB95C271EFFCB00AEEEE4 /* News */ = {
			isa = PBXGroup;
			children = (
				CE8AB95F271F0DCA00AEEEE4 /* News.storyboard */,
				CE8AB95D271F000E00AEEEE4 /* NewsViewController.swift */,
			);
			path = News;
			sourceTree = "<group>";
		};
		CE8B0E1A273BE630005410DC /* Camera */ = {
			isa = PBXGroup;
			children = (
				CE8B0E1B273BE641005410DC /* CameraViewController.swift */,
				CE892A29273D287500AAB9B8 /* CameraViewModel.swift */,
			);
			path = Camera;
			sourceTree = "<group>";
		};
		CE8E31292703433100C61AE6 /* PHLibrary */ = {
			isa = PBXGroup;
			children = (
				CE326622272BE8EF0067A9A7 /* PHLibraryAuthorizationManager.swift */,
				CE88FBDD26F382EA00DE394F /* PHLibraryViewController.swift */,
				CE8B0E18273BBE7C005410DC /* PHLibraryViewModel.swift */,
				CE8B0E1A273BE630005410DC /* Camera */,
				CE69013D270F1C3F00F09B78 /* InformationTableViewCell */,
			);
			path = PHLibrary;
			sourceTree = "<group>";
		};
		CE8E312A2703435600C61AE6 /* Home */ = {
			isa = PBXGroup;
			children = (
				CE8E312527033C5300C61AE6 /* HomeNavigation.storyboard */,
				CE88FBDB26F3613000DE394F /* HomeViewController.swift */,
				CE249F392715D821005448BB /* HomeViewModel.swift */,
				CE326619272BC0C20067A9A7 /* Filters */,
				CE8AB95C271EFFCB00AEEEE4 /* News */,
				CE63328C271875DA0067A45B /* NewsTVCell */,
			);
			path = Home;
			sourceTree = "<group>";
		};
		CE929D4A27044E9A0031A8C8 /* GoogleMaps */ = {
			isa = PBXGroup;
			children = (
				CE929D4D270452130031A8C8 /* GoogleMaps.storyboard */,
				CE929D4B27044EFD0031A8C8 /* GoogleMapsViewController.swift */,
			);
			path = GoogleMaps;
			sourceTree = "<group>";
		};
		CE929D4F27047C140031A8C8 /* Settings */ = {
			isa = PBXGroup;
			children = (
				CE929D5227047C770031A8C8 /* SettingsNavigation.storyboard */,
				CE929D5027047C510031A8C8 /* SettingsViewController.swift */,
				CE793FD9273AA6A200311423 /* PolicyAndTerms */,
			);
			path = Settings;
			sourceTree = "<group>";
		};
		CEDD9CC2271D5822002F9833 /* Animations */ = {
			isa = PBXGroup;
			children = (
				CEDD9CC5271D587E002F9833 /* loading-state.json */,
			);
			path = Animations;
			sourceTree = "<group>";
		};
		CEF265E626EF1F07008EE038 = {
			isa = PBXGroup;
			children = (
				CE7923A127317ED9005CD205 /* BanchExample-Bridging-Header.h */,
				CEF265F126EF1F07008EE038 /* BanchExample */,
				CEF265F026EF1F07008EE038 /* Products */,
				ED49841C01AFF57C2289F81F /* Pods */,
				46E8DE33B24402BF568D378F /* Frameworks */,
			);
			sourceTree = "<group>";
		};
		CEF265F026EF1F07008EE038 /* Products */ = {
			isa = PBXGroup;
			children = (
				CEF265EF26EF1F07008EE038 /* BanchExample.app */,
			);
			name = Products;
			sourceTree = "<group>";
		};
		CEF265F126EF1F07008EE038 /* BanchExample */ = {
			isa = PBXGroup;
			children = (
				CEF2660026EF1F09008EE038 /* Info.plist */,
				CEF2660826EF3C32008EE038 /* Application */,
				CE72F0B52719521F00D9E844 /* CoreData */,
				CE1B77E22716A4E000C3034A /* Models */,
				CEF2660926EF3C67008EE038 /* Modules */,
				CE249F3B2715D959005448BB /* Network */,
				CEF2660726EF3BE0008EE038 /* Resources */,
				CE7C11C4270AF55700063336 /* Utils */,
				CE7FC09E270D88D0007325DA /* Views */,
			);
			path = BanchExample;
			sourceTree = "<group>";
		};
		CEF2660726EF3BE0008EE038 /* Resources */ = {
			isa = PBXGroup;
			children = (
				CEF265FB26EF1F09008EE038 /* Assets.xcassets */,
				CEDD9CC2271D5822002F9833 /* Animations */,
				CE7C11BF270AD31A00063336 /* Localizable.strings */,
				CE793FEE273AC06A00311423 /* PrivacyPolicy */,
				CE793FEF273AC08100311423 /* TermsAndConditions */,
			);
			path = Resources;
			sourceTree = "<group>";
		};
		CEF2660826EF3C32008EE038 /* Application */ = {
			isa = PBXGroup;
			children = (
				CEF265F226EF1F07008EE038 /* AppDelegate.swift */,
				CEF265F426EF1F07008EE038 /* SceneDelegate.swift */,
			);
			path = Application;
			sourceTree = "<group>";
		};
		CEF2660926EF3C67008EE038 /* Modules */ = {
			isa = PBXGroup;
			children = (
				CEF265FD26EF1F09008EE038 /* LaunchScreen.storyboard */,
				CEF2660D26EF3EA6008EE038 /* MainFlow */,
			);
			path = Modules;
			sourceTree = "<group>";
		};
		CEF2660C26EF3D93008EE038 /* SideMenu */ = {
			isa = PBXGroup;
			children = (
				CEF2661026EF3F26008EE038 /* SideMenu.storyboard */,
				CEF2660E26EF3EFC008EE038 /* SideMenuViewController.swift */,
				CEF2661226EF457D008EE038 /* SideMenuTVCell */,
			);
			path = SideMenu;
			sourceTree = "<group>";
		};
		CEF2660D26EF3EA6008EE038 /* MainFlow */ = {
			isa = PBXGroup;
			children = (
				CEF265F626EF1F07008EE038 /* ContainerViewController.swift */,
				CE7CCDF0273261DC002F5182 /* AppleMaps */,
				CE929D4A27044E9A0031A8C8 /* GoogleMaps */,
				CE8E312A2703435600C61AE6 /* Home */,
				CE8E31292703433100C61AE6 /* PHLibrary */,
				CE929D4F27047C140031A8C8 /* Settings */,
				CEF2660C26EF3D93008EE038 /* SideMenu */,
			);
			path = MainFlow;
			sourceTree = "<group>";
		};
		CEF2661226EF457D008EE038 /* SideMenuTVCell */ = {
			isa = PBXGroup;
			children = (
				CEF2661326EF45A3008EE038 /* SideMenuTVCell.swift */,
				CEF2661426EF45A3008EE038 /* SideMenuTVCell.xib */,
			);
			path = SideMenuTVCell;
			sourceTree = "<group>";
		};
		ED49841C01AFF57C2289F81F /* Pods */ = {
			isa = PBXGroup;
			children = (
				EF319AA9A2944FF43A6BAFCA /* Pods-default_pods-BanchExample.debug.xcconfig */,
				26D9AF54ECAAD7B160337430 /* Pods-default_pods-BanchExample.release.xcconfig */,
			);
			path = Pods;
			sourceTree = "<group>";
		};
/* End PBXGroup section */

/* Begin PBXNativeTarget section */
		CEF265EE26EF1F07008EE038 /* BanchExample */ = {
			isa = PBXNativeTarget;
			buildConfigurationList = CEF2660326EF1F09008EE038 /* Build configuration list for PBXNativeTarget "BanchExample" */;
			buildPhases = (
				E8005CB9BE712157D9DCFDC1 /* [CP] Check Pods Manifest.lock */,
				CEF2660626EF240C008EE038 /* ShellScript */,
				CEF265EB26EF1F07008EE038 /* Sources */,
				CEF265EC26EF1F07008EE038 /* Frameworks */,
				CEF265ED26EF1F07008EE038 /* Resources */,
				B6F8EAABA62D7BE01EDD175D /* [CP] Embed Pods Frameworks */,
				3169E91B13A9FB2FC63858C4 /* [CP] Copy Pods Resources */,
			);
			buildRules = (
			);
			dependencies = (
			);
			name = BanchExample;
			productName = BanchExample;
			productReference = CEF265EF26EF1F07008EE038 /* BanchExample.app */;
			productType = "com.apple.product-type.application";
		};
/* End PBXNativeTarget section */

/* Begin PBXProject section */
		CEF265E726EF1F07008EE038 /* Project object */ = {
			isa = PBXProject;
			attributes = {
				LastSwiftUpdateCheck = 1250;
				LastUpgradeCheck = 1250;
				TargetAttributes = {
					CEF265EE26EF1F07008EE038 = {
						CreatedOnToolsVersion = 12.5.1;
						LastSwiftMigration = 1250;
					};
				};
			};
			buildConfigurationList = CEF265EA26EF1F07008EE038 /* Build configuration list for PBXProject "BanchExample" */;
			compatibilityVersion = "Xcode 9.3";
			developmentRegion = en;
			hasScannedForEncodings = 0;
			knownRegions = (
				en,
				Base,
				ru,
			);
			mainGroup = CEF265E626EF1F07008EE038;
			productRefGroup = CEF265F026EF1F07008EE038 /* Products */;
			projectDirPath = "";
			projectRoot = "";
			targets = (
				CEF265EE26EF1F07008EE038 /* BanchExample */,
			);
		};
/* End PBXProject section */

/* Begin PBXResourcesBuildPhase section */
		CEF265ED26EF1F07008EE038 /* Resources */ = {
			isa = PBXResourcesBuildPhase;
			buildActionMask = 2147483647;
			files = (
				CE7FC0A7270DAA99007325DA /* CustomAlertView.xib in Resources */,
				CE326621272BC2400067A9A7 /* FiltersViewController.xib in Resources */,
				CEF2661126EF3F26008EE038 /* SideMenu.storyboard in Resources */,
				CE793FE0273AB30E00311423 /* TermsAndConditions-ru.txt in Resources */,
				CE793FE1273AB30E00311423 /* TermsAndConditions-en.txt in Resources */,
				CE690146270F276300F09B78 /* InfoCollectionVCell.xib in Resources */,
				CE7CCDF427326808002F5182 /* AppleMaps.storyboard in Resources */,
				CEF265FF26EF1F09008EE038 /* LaunchScreen.storyboard in Resources */,
				CEF2661626EF45A3008EE038 /* SideMenuTVCell.xib in Resources */,
				CE929D5327047C770031A8C8 /* SettingsNavigation.storyboard in Resources */,
				CE690141270F1CB100F09B78 /* InfoTVCell.xib in Resources */,
				CE8AB960271F0DCA00AEEEE4 /* News.storyboard in Resources */,
				CE7C11BD270AD31A00063336 /* Localizable.strings in Resources */,
				CEDD9CC6271D587E002F9833 /* loading-state.json in Resources */,
				CE633290271876140067A45B /* NewsTVCell.xib in Resources */,
				CE793FDB273AA6E400311423 /* PolicyAndTerms.storyboard in Resources */,
				CE8E312627033C5300C61AE6 /* HomeNavigation.storyboard in Resources */,
				CE793FE5273AB36300311423 /* PrivacyPolicy-ru.txt in Resources */,
				CE929D4E270452130031A8C8 /* GoogleMaps.storyboard in Resources */,
				CE793FE4273AB36300311423 /* PrivacyPolicy-en.txt in Resources */,
				CEF265FC26EF1F09008EE038 /* Assets.xcassets in Resources */,
			);
			runOnlyForDeploymentPostprocessing = 0;
		};
/* End PBXResourcesBuildPhase section */

/* Begin PBXShellScriptBuildPhase section */
		3169E91B13A9FB2FC63858C4 /* [CP] Copy Pods Resources */ = {
			isa = PBXShellScriptBuildPhase;
			buildActionMask = 2147483647;
			files = (
			);
			inputFileListPaths = (
				"${PODS_ROOT}/Target Support Files/Pods-default_pods-BanchExample/Pods-default_pods-BanchExample-resources-${CONFIGURATION}-input-files.xcfilelist",
			);
			name = "[CP] Copy Pods Resources";
			outputFileListPaths = (
				"${PODS_ROOT}/Target Support Files/Pods-default_pods-BanchExample/Pods-default_pods-BanchExample-resources-${CONFIGURATION}-output-files.xcfilelist",
			);
			runOnlyForDeploymentPostprocessing = 0;
			shellPath = /bin/sh;
			shellScript = "\"${PODS_ROOT}/Target Support Files/Pods-default_pods-BanchExample/Pods-default_pods-BanchExample-resources.sh\"\n";
			showEnvVarsInLog = 0;
		};
		B6F8EAABA62D7BE01EDD175D /* [CP] Embed Pods Frameworks */ = {
			isa = PBXShellScriptBuildPhase;
			buildActionMask = 2147483647;
			files = (
			);
			inputFileListPaths = (
				"${PODS_ROOT}/Target Support Files/Pods-default_pods-BanchExample/Pods-default_pods-BanchExample-frameworks-${CONFIGURATION}-input-files.xcfilelist",
			);
			name = "[CP] Embed Pods Frameworks";
			outputFileListPaths = (
				"${PODS_ROOT}/Target Support Files/Pods-default_pods-BanchExample/Pods-default_pods-BanchExample-frameworks-${CONFIGURATION}-output-files.xcfilelist",
			);
			runOnlyForDeploymentPostprocessing = 0;
			shellPath = /bin/sh;
			shellScript = "\"${PODS_ROOT}/Target Support Files/Pods-default_pods-BanchExample/Pods-default_pods-BanchExample-frameworks.sh\"\n";
			showEnvVarsInLog = 0;
		};
		CEF2660626EF240C008EE038 /* ShellScript */ = {
			isa = PBXShellScriptBuildPhase;
			buildActionMask = 2147483647;
			files = (
			);
			inputFileListPaths = (
			);
			inputPaths = (
			);
			outputFileListPaths = (
			);
			outputPaths = (
			);
			runOnlyForDeploymentPostprocessing = 0;
			shellPath = /bin/sh;
			shellScript = "${PODS_ROOT}/SwiftLint/swiftlint\n";
		};
		E8005CB9BE712157D9DCFDC1 /* [CP] Check Pods Manifest.lock */ = {
			isa = PBXShellScriptBuildPhase;
			buildActionMask = 2147483647;
			files = (
			);
			inputFileListPaths = (
			);
			inputPaths = (
				"${PODS_PODFILE_DIR_PATH}/Podfile.lock",
				"${PODS_ROOT}/Manifest.lock",
			);
			name = "[CP] Check Pods Manifest.lock";
			outputFileListPaths = (
			);
			outputPaths = (
				"$(DERIVED_FILE_DIR)/Pods-default_pods-BanchExample-checkManifestLockResult.txt",
			);
			runOnlyForDeploymentPostprocessing = 0;
			shellPath = /bin/sh;
			shellScript = "diff \"${PODS_PODFILE_DIR_PATH}/Podfile.lock\" \"${PODS_ROOT}/Manifest.lock\" > /dev/null\nif [ $? != 0 ] ; then\n    # print error to STDERR\n    echo \"error: The sandbox is not in sync with the Podfile.lock. Run 'pod install' or update your CocoaPods installation.\" >&2\n    exit 1\nfi\n# This output is used by Xcode 'outputs' to avoid re-running this script phase.\necho \"SUCCESS\" > \"${SCRIPT_OUTPUT_FILE_0}\"\n";
			showEnvVarsInLog = 0;
		};
/* End PBXShellScriptBuildPhase section */

/* Begin PBXSourcesBuildPhase section */
		CEF265EB26EF1F07008EE038 /* Sources */ = {
			isa = PBXSourcesBuildPhase;
			buildActionMask = 2147483647;
			files = (
				CE326623272BE8F00067A9A7 /* PHLibraryAuthorizationManager.swift in Sources */,
				CE1B77F42716F9D700C3034A /* NewsModel.swift in Sources */,
				CE793FF1273AC98A00311423 /* StoryboardsConstants.swift in Sources */,
				CE249F3A2715D821005448BB /* HomeViewModel.swift in Sources */,
				CE7FC0A9270DABCC007325DA /* CustomAlertView.swift in Sources */,
				CE793FCE273A693F00311423 /* UIAlertActionExtensions.swift in Sources */,
				CE7CCDF22732654B002F5182 /* AppleMapsViewController.swift in Sources */,
				CE1B77E82716B93300C3034A /* APIConstants.swift in Sources */,
				CEF2660F26EF3EFC008EE038 /* SideMenuViewController.swift in Sources */,
				CEF265F726EF1F07008EE038 /* ContainerViewController.swift in Sources */,
				CE793FD8273A9F8100311423 /* NSAttributedStringExtensions.swift in Sources */,
				CE7C11C2270ADA0C00063336 /* LocalizeKeys.swift in Sources */,
				CE82DB592730063600C265E1 /* NSDateExtensions.swift in Sources */,
				CE88FBDE26F382EA00DE394F /* PHLibraryViewController.swift in Sources */,
				CEF265F326EF1F07008EE038 /* AppDelegate.swift in Sources */,
				CEF2661526EF45A3008EE038 /* SideMenuTVCell.swift in Sources */,
				CE7C11C7270AF5F500063336 /* StringExtensions.swift in Sources */,
				CE1B77E62716B45A00C3034A /* NewsXMLParser.swift in Sources */,
				CE929D4C27044EFD0031A8C8 /* GoogleMapsViewController.swift in Sources */,
				CEF265F526EF1F07008EE038 /* SceneDelegate.swift in Sources */,
				CE72F0C12719556000D9E844 /* News+CoreDataClass.swift in Sources */,
				CE72F0BA2719537000D9E844 /* CoreDataManager.swift in Sources */,
				CE72F0C42719562E00D9E844 /* NewsArray.swift in Sources */,
				CE892A30273D552E00AAB9B8 /* NotificationView.swift in Sources */,
				CE1B77EE2716E0B800C3034A /* JSONNewsModel.swift in Sources */,
				CE8B0E19273BBE7C005410DC /* PHLibraryViewModel.swift in Sources */,
				CE8AB95E271F000E00AEEEE4 /* NewsViewController.swift in Sources */,
				CE1B77F02716E0D100C3034A /* SourceModel.swift in Sources */,
				CE633292271883D60067A45B /* DateFormatterExtensions.swift in Sources */,
				CE03346727327AD200BD481D /* MyLocationButton.swift in Sources */,
				CE892A2C273D2FEF00AAB9B8 /* VideoPreviewView.swift in Sources */,
				CE8B0E1C273BE641005410DC /* CameraViewController.swift in Sources */,
				CE667D4B270C6DF0004CD31A /* LanguageSubscriber.swift in Sources */,
				CE63328F271876140067A45B /* NewsTVCell.swift in Sources */,
				CE249F3D2715D96E005448BB /* NetworkManager.swift in Sources */,
				CE1B77F22716E0F600C3034A /* XMLResponseNewsModel.swift in Sources */,
				CE72F0B82719524200D9E844 /* BanchExample.xcdatamodeld in Sources */,
				CE7C11C9270AF88C00063336 /* LanguageObserver.swift in Sources */,
				CE1B77EA2716BDF900C3034A /* JSONResponseNewsModel.swift in Sources */,
				CE70DCD9272931C2009CDC61 /* UserDefaultsConstants.swift in Sources */,
				CE88FBDC26F3613000DE394F /* HomeViewController.swift in Sources */,
				CE326620272BC2400067A9A7 /* FiltersViewController.swift in Sources */,
				CE69013C270EE34D00F09B78 /* CALayerExtensions.swift in Sources */,
				CE7FC0AB270DDB40007325DA /* CustomAlertController.swift in Sources */,
				CE8AB962271F228F00AEEEE4 /* UINavigationControllerExtensions.swift in Sources */,
				CE929D5127047C510031A8C8 /* SettingsViewController.swift in Sources */,
				CE1B77E42716A55200C3034A /* XMLNewsModel.swift in Sources */,
				CE690145270F276300F09B78 /* InfoCollectionVCell.swift in Sources */,
				CE892A2A273D287500AAB9B8 /* CameraViewModel.swift in Sources */,
				CE793FDD273AA75200311423 /* PolicyAndTermsViewController.swift in Sources */,
				CE690140270F1CB100F09B78 /* InfoTVCell.swift in Sources */,
			);
			runOnlyForDeploymentPostprocessing = 0;
		};
/* End PBXSourcesBuildPhase section */

/* Begin PBXVariantGroup section */
		CE7C11BF270AD31A00063336 /* Localizable.strings */ = {
			isa = PBXVariantGroup;
			children = (
				CE7C11BE270AD31A00063336 /* en */,
				CE7C11C0270AD36400063336 /* ru */,
			);
			name = Localizable.strings;
			sourceTree = "<group>";
		};
		CEF265FD26EF1F09008EE038 /* LaunchScreen.storyboard */ = {
			isa = PBXVariantGroup;
			children = (
				CEF265FE26EF1F09008EE038 /* Base */,
			);
			name = LaunchScreen.storyboard;
			sourceTree = "<group>";
		};
/* End PBXVariantGroup section */

/* Begin XCBuildConfiguration section */
		CEF2660126EF1F09008EE038 /* Debug */ = {
			isa = XCBuildConfiguration;
			buildSettings = {
				ALWAYS_SEARCH_USER_PATHS = NO;
				CLANG_ANALYZER_LOCALIZABILITY_NONLOCALIZED = YES;
				CLANG_ANALYZER_NONNULL = YES;
				CLANG_ANALYZER_NUMBER_OBJECT_CONVERSION = YES_AGGRESSIVE;
				CLANG_CXX_LANGUAGE_STANDARD = "gnu++14";
				CLANG_CXX_LIBRARY = "libc++";
				CLANG_ENABLE_MODULES = YES;
				CLANG_ENABLE_OBJC_ARC = YES;
				CLANG_ENABLE_OBJC_WEAK = YES;
				CLANG_WARN_BLOCK_CAPTURE_AUTORELEASING = YES;
				CLANG_WARN_BOOL_CONVERSION = YES;
				CLANG_WARN_COMMA = YES;
				CLANG_WARN_CONSTANT_CONVERSION = YES;
				CLANG_WARN_DEPRECATED_OBJC_IMPLEMENTATIONS = YES;
				CLANG_WARN_DIRECT_OBJC_ISA_USAGE = YES_ERROR;
				CLANG_WARN_DOCUMENTATION_COMMENTS = YES;
				CLANG_WARN_EMPTY_BODY = YES;
				CLANG_WARN_ENUM_CONVERSION = YES;
				CLANG_WARN_INFINITE_RECURSION = YES;
				CLANG_WARN_INT_CONVERSION = YES;
				CLANG_WARN_NON_LITERAL_NULL_CONVERSION = YES;
				CLANG_WARN_OBJC_IMPLICIT_RETAIN_SELF = YES;
				CLANG_WARN_OBJC_LITERAL_CONVERSION = YES;
				CLANG_WARN_OBJC_ROOT_CLASS = YES_ERROR;
				CLANG_WARN_QUOTED_INCLUDE_IN_FRAMEWORK_HEADER = YES;
				CLANG_WARN_RANGE_LOOP_ANALYSIS = YES;
				CLANG_WARN_STRICT_PROTOTYPES = YES;
				CLANG_WARN_SUSPICIOUS_MOVE = YES;
				CLANG_WARN_UNGUARDED_AVAILABILITY = YES_AGGRESSIVE;
				CLANG_WARN_UNREACHABLE_CODE = YES;
				CLANG_WARN__DUPLICATE_METHOD_MATCH = YES;
				COPY_PHASE_STRIP = NO;
				DEBUG_INFORMATION_FORMAT = dwarf;
				ENABLE_STRICT_OBJC_MSGSEND = YES;
				ENABLE_TESTABILITY = YES;
				GCC_C_LANGUAGE_STANDARD = gnu11;
				GCC_DYNAMIC_NO_PIC = NO;
				GCC_NO_COMMON_BLOCKS = YES;
				GCC_OPTIMIZATION_LEVEL = 0;
				GCC_PREPROCESSOR_DEFINITIONS = (
					"DEBUG=1",
					"$(inherited)",
				);
				GCC_WARN_64_TO_32_BIT_CONVERSION = YES;
				GCC_WARN_ABOUT_RETURN_TYPE = YES_ERROR;
				GCC_WARN_UNDECLARED_SELECTOR = YES;
				GCC_WARN_UNINITIALIZED_AUTOS = YES_AGGRESSIVE;
				GCC_WARN_UNUSED_FUNCTION = YES;
				GCC_WARN_UNUSED_VARIABLE = YES;
				IPHONEOS_DEPLOYMENT_TARGET = 14.5;
				MTL_ENABLE_DEBUG_INFO = INCLUDE_SOURCE;
				MTL_FAST_MATH = YES;
				ONLY_ACTIVE_ARCH = YES;
				SDKROOT = iphoneos;
				SWIFT_ACTIVE_COMPILATION_CONDITIONS = DEBUG;
				SWIFT_OPTIMIZATION_LEVEL = "-Onone";
			};
			name = Debug;
		};
		CEF2660226EF1F09008EE038 /* Release */ = {
			isa = XCBuildConfiguration;
			buildSettings = {
				ALWAYS_SEARCH_USER_PATHS = NO;
				CLANG_ANALYZER_LOCALIZABILITY_NONLOCALIZED = YES;
				CLANG_ANALYZER_NONNULL = YES;
				CLANG_ANALYZER_NUMBER_OBJECT_CONVERSION = YES_AGGRESSIVE;
				CLANG_CXX_LANGUAGE_STANDARD = "gnu++14";
				CLANG_CXX_LIBRARY = "libc++";
				CLANG_ENABLE_MODULES = YES;
				CLANG_ENABLE_OBJC_ARC = YES;
				CLANG_ENABLE_OBJC_WEAK = YES;
				CLANG_WARN_BLOCK_CAPTURE_AUTORELEASING = YES;
				CLANG_WARN_BOOL_CONVERSION = YES;
				CLANG_WARN_COMMA = YES;
				CLANG_WARN_CONSTANT_CONVERSION = YES;
				CLANG_WARN_DEPRECATED_OBJC_IMPLEMENTATIONS = YES;
				CLANG_WARN_DIRECT_OBJC_ISA_USAGE = YES_ERROR;
				CLANG_WARN_DOCUMENTATION_COMMENTS = YES;
				CLANG_WARN_EMPTY_BODY = YES;
				CLANG_WARN_ENUM_CONVERSION = YES;
				CLANG_WARN_INFINITE_RECURSION = YES;
				CLANG_WARN_INT_CONVERSION = YES;
				CLANG_WARN_NON_LITERAL_NULL_CONVERSION = YES;
				CLANG_WARN_OBJC_IMPLICIT_RETAIN_SELF = YES;
				CLANG_WARN_OBJC_LITERAL_CONVERSION = YES;
				CLANG_WARN_OBJC_ROOT_CLASS = YES_ERROR;
				CLANG_WARN_QUOTED_INCLUDE_IN_FRAMEWORK_HEADER = YES;
				CLANG_WARN_RANGE_LOOP_ANALYSIS = YES;
				CLANG_WARN_STRICT_PROTOTYPES = YES;
				CLANG_WARN_SUSPICIOUS_MOVE = YES;
				CLANG_WARN_UNGUARDED_AVAILABILITY = YES_AGGRESSIVE;
				CLANG_WARN_UNREACHABLE_CODE = YES;
				CLANG_WARN__DUPLICATE_METHOD_MATCH = YES;
				COPY_PHASE_STRIP = NO;
				DEBUG_INFORMATION_FORMAT = "dwarf-with-dsym";
				ENABLE_NS_ASSERTIONS = NO;
				ENABLE_STRICT_OBJC_MSGSEND = YES;
				GCC_C_LANGUAGE_STANDARD = gnu11;
				GCC_NO_COMMON_BLOCKS = YES;
				GCC_WARN_64_TO_32_BIT_CONVERSION = YES;
				GCC_WARN_ABOUT_RETURN_TYPE = YES_ERROR;
				GCC_WARN_UNDECLARED_SELECTOR = YES;
				GCC_WARN_UNINITIALIZED_AUTOS = YES_AGGRESSIVE;
				GCC_WARN_UNUSED_FUNCTION = YES;
				GCC_WARN_UNUSED_VARIABLE = YES;
				IPHONEOS_DEPLOYMENT_TARGET = 14.5;
				MTL_ENABLE_DEBUG_INFO = NO;
				MTL_FAST_MATH = YES;
				SDKROOT = iphoneos;
				SWIFT_COMPILATION_MODE = wholemodule;
				SWIFT_OPTIMIZATION_LEVEL = "-O";
				VALIDATE_PRODUCT = YES;
			};
			name = Release;
		};
		CEF2660426EF1F09008EE038 /* Debug */ = {
			isa = XCBuildConfiguration;
			baseConfigurationReference = EF319AA9A2944FF43A6BAFCA /* Pods-default_pods-BanchExample.debug.xcconfig */;
			buildSettings = {
				ASSETCATALOG_COMPILER_APPICON_NAME = AppIcon;
				ASSETCATALOG_COMPILER_GLOBAL_ACCENT_COLOR_NAME = AccentColor;
				CLANG_ENABLE_MODULES = YES;
				CODE_SIGN_STYLE = Automatic;
				DEVELOPMENT_TEAM = FFWMQ7T85M;
				INFOPLIST_FILE = BanchExample/Info.plist;
				IPHONEOS_DEPLOYMENT_TARGET = 13.6;
				LD_RUNPATH_SEARCH_PATHS = (
					"$(inherited)",
					"@executable_path/Frameworks",
				);
				PRODUCT_BUNDLE_IDENTIFIER = com.chubakova.BanchExample;
				PRODUCT_NAME = "$(TARGET_NAME)";
				SWIFT_OBJC_BRIDGING_HEADER = "BanchExample-Bridging-Header.h";
				SWIFT_OPTIMIZATION_LEVEL = "-Onone";
				SWIFT_VERSION = 5.0;
				TARGETED_DEVICE_FAMILY = 1;
			};
			name = Debug;
		};
		CEF2660526EF1F09008EE038 /* Release */ = {
			isa = XCBuildConfiguration;
			baseConfigurationReference = 26D9AF54ECAAD7B160337430 /* Pods-default_pods-BanchExample.release.xcconfig */;
			buildSettings = {
				ASSETCATALOG_COMPILER_APPICON_NAME = AppIcon;
				ASSETCATALOG_COMPILER_GLOBAL_ACCENT_COLOR_NAME = AccentColor;
				CLANG_ENABLE_MODULES = YES;
				CODE_SIGN_STYLE = Automatic;
				DEVELOPMENT_TEAM = FFWMQ7T85M;
				INFOPLIST_FILE = BanchExample/Info.plist;
				IPHONEOS_DEPLOYMENT_TARGET = 13.6;
				LD_RUNPATH_SEARCH_PATHS = (
					"$(inherited)",
					"@executable_path/Frameworks",
				);
				PRODUCT_BUNDLE_IDENTIFIER = com.chubakova.BanchExample;
				PRODUCT_NAME = "$(TARGET_NAME)";
				SWIFT_OBJC_BRIDGING_HEADER = "BanchExample-Bridging-Header.h";
				SWIFT_VERSION = 5.0;
				TARGETED_DEVICE_FAMILY = 1;
			};
			name = Release;
		};
/* End XCBuildConfiguration section */

/* Begin XCConfigurationList section */
		CEF265EA26EF1F07008EE038 /* Build configuration list for PBXProject "BanchExample" */ = {
			isa = XCConfigurationList;
			buildConfigurations = (
				CEF2660126EF1F09008EE038 /* Debug */,
				CEF2660226EF1F09008EE038 /* Release */,
			);
			defaultConfigurationIsVisible = 0;
			defaultConfigurationName = Release;
		};
		CEF2660326EF1F09008EE038 /* Build configuration list for PBXNativeTarget "BanchExample" */ = {
			isa = XCConfigurationList;
			buildConfigurations = (
				CEF2660426EF1F09008EE038 /* Debug */,
				CEF2660526EF1F09008EE038 /* Release */,
			);
			defaultConfigurationIsVisible = 0;
			defaultConfigurationName = Release;
		};
/* End XCConfigurationList section */

/* Begin XCVersionGroup section */
		CE72F0B62719524200D9E844 /* BanchExample.xcdatamodeld */ = {
			isa = XCVersionGroup;
			children = (
				CE72F0B72719524200D9E844 /* BanchExample.xcdatamodel */,
			);
			currentVersion = CE72F0B72719524200D9E844 /* BanchExample.xcdatamodel */;
			path = BanchExample.xcdatamodeld;
			sourceTree = "<group>";
			versionGroupType = wrapper.xcdatamodel;
		};
/* End XCVersionGroup section */
	};
	rootObject = CEF265E726EF1F07008EE038 /* Project object */;
}
